// !$*UTF8*$!
{
	archiveVersion = 1;
	classes = {
	};
	objectVersion = 77;
	objects = {

/* Begin PBXBuildFile section */
		08B2C8C9A158F34B36E0CBB5 /* OmarchyFullScreenAcceptanceProbe.swift in Sources */ = {isa = PBXBuildFile; fileRef = 7B3DB1F289B76BE9C540F5A3 /* OmarchyFullScreenAcceptanceProbe.swift */; };
		16D6E33C2666F1DFAC91E593 /* OmarchyClipboardAcceptanceProbe.swift in Sources */ = {isa = PBXBuildFile; fileRef = 490C829832DAA7EF0DC3578B /* OmarchyClipboardAcceptanceProbe.swift */; };
		1715A7B6CD7CC805DF830662 /* OmarchyReleaseReadinessReporter.swift in Sources */ = {isa = PBXBuildFile; fileRef = 0265C3DEC883F1B7E77487C9 /* OmarchyReleaseReadinessReporter.swift */; };
		177F45FA488565203C3F8F88 /* OmarchyVirtualMachineView.swift in Sources */ = {isa = PBXBuildFile; fileRef = 94DFD16F2FF9FB7E18292398 /* OmarchyVirtualMachineView.swift */; };
		17DEE7144D9A6C9578E485EC /* OmarchyDynamicDisplayAcceptanceProbe.swift in Sources */ = {isa = PBXBuildFile; fileRef = 747AF85434076ADB336950A7 /* OmarchyDynamicDisplayAcceptanceProbe.swift */; };
		20E670A3AF3B256648F15181 /* EZVMOmarchyApp.swift in Sources */ = {isa = PBXBuildFile; fileRef = B4BFDC7816F487DFD13DE00E /* EZVMOmarchyApp.swift */; };
		4AF317238132CFFC331CA4F3 /* EZVMOmarchyTests.swift in Sources */ = {isa = PBXBuildFile; fileRef = CD226F3D0E5D3CB6ED5A572A /* EZVMOmarchyTests.swift */; };
		7DD269A01154BD72BA3B039B /* OmarchyLockAcceptanceState.swift in Sources */ = {isa = PBXBuildFile; fileRef = 93363B5A93F4C340BAE13537 /* OmarchyLockAcceptanceState.swift */; };
		8BC700C151EBE4754A081274 /* OmarchyApplicationTermination.swift in Sources */ = {isa = PBXBuildFile; fileRef = 9000919C36387C899ED23370 /* OmarchyApplicationTermination.swift */; };
		9B9BBDD231C0C70175C88AB3 /* EZVMCore in Frameworks */ = {isa = PBXBuildFile; productRef = 88A9EBB2192A7177FE428C52 /* EZVMCore */; };
		A0EB879AA8A757D163F06A69 /* OmarchyAcceptanceObservationReporter.swift in Sources */ = {isa = PBXBuildFile; fileRef = EE5B4D3B4A0C6EF54D9E6272 /* OmarchyAcceptanceObservationReporter.swift */; };
		DABCAAE2A198CD15B90FB292 /* OmarchyFocusedCommandBridge.swift in Sources */ = {isa = PBXBuildFile; fileRef = A0632B6717EC41A9EF9D4C62 /* OmarchyFocusedCommandBridge.swift */; };
/* End PBXBuildFile section */

/* Begin PBXContainerItemProxy section */
		1BCCFE13B7B938762DDCED50 /* PBXContainerItemProxy */ = {
			isa = PBXContainerItemProxy;
			containerPortal = 91582A93F7CFC5BDE3531348 /* Project object */;
			proxyType = 1;
			remoteGlobalIDString = 28A11CFA4A3F273EF5A569B1;
			remoteInfo = "EZVM Omarchy";
		};
/* End PBXContainerItemProxy section */

/* Begin PBXFileReference section */
		0265C3DEC883F1B7E77487C9 /* OmarchyReleaseReadinessReporter.swift */ = {isa = PBXFileReference; lastKnownFileType = sourcecode.swift; path = OmarchyReleaseReadinessReporter.swift; sourceTree = "<group>"; };
		3B328C4BF0A9CFBE6C0F6D36 /* EZVM OmarchyTests.xctest */ = {isa = PBXFileReference; explicitFileType = wrapper.cfbundle; includeInIndex = 0; path = "EZVM OmarchyTests.xctest"; sourceTree = BUILT_PRODUCTS_DIR; };
		490C829832DAA7EF0DC3578B /* OmarchyClipboardAcceptanceProbe.swift */ = {isa = PBXFileReference; lastKnownFileType = sourcecode.swift; path = OmarchyClipboardAcceptanceProbe.swift; sourceTree = "<group>"; };
		747AF85434076ADB336950A7 /* OmarchyDynamicDisplayAcceptanceProbe.swift */ = {isa = PBXFileReference; lastKnownFileType = sourcecode.swift; path = OmarchyDynamicDisplayAcceptanceProbe.swift; sourceTree = "<group>"; };
		7B3DB1F289B76BE9C540F5A3 /* OmarchyFullScreenAcceptanceProbe.swift */ = {isa = PBXFileReference; lastKnownFileType = sourcecode.swift; path = OmarchyFullScreenAcceptanceProbe.swift; sourceTree = "<group>"; };
		9000919C36387C899ED23370 /* OmarchyApplicationTermination.swift */ = {isa = PBXFileReference; lastKnownFileType = sourcecode.swift; path = OmarchyApplicationTermination.swift; sourceTree = "<group>"; };
		93363B5A93F4C340BAE13537 /* OmarchyLockAcceptanceState.swift */ = {isa = PBXFileReference; lastKnownFileType = sourcecode.swift; path = OmarchyLockAcceptanceState.swift; sourceTree = "<group>"; };
		94DFD16F2FF9FB7E18292398 /* OmarchyVirtualMachineView.swift */ = {isa = PBXFileReference; lastKnownFileType = sourcecode.swift; path = OmarchyVirtualMachineView.swift; sourceTree = "<group>"; };
		970A0F8BAF9DF5EC452BC1D0 /* EZVM Omarchy.app */ = {isa = PBXFileReference; explicitFileType = wrapper.application; includeInIndex = 0; path = "EZVM Omarchy.app"; sourceTree = BUILT_PRODUCTS_DIR; };
		A0632B6717EC41A9EF9D4C62 /* OmarchyFocusedCommandBridge.swift */ = {isa = PBXFileReference; lastKnownFileType = sourcecode.swift; path = OmarchyFocusedCommandBridge.swift; sourceTree = "<group>"; };
		B4BFDC7816F487DFD13DE00E /* EZVMOmarchyApp.swift */ = {isa = PBXFileReference; lastKnownFileType = sourcecode.swift; path = EZVMOmarchyApp.swift; sourceTree = "<group>"; };
		C6F28A4F2339E9106ECC8119 /* ezvm */ = {isa = PBXFileReference; lastKnownFileType = folder; name = ezvm; path = ..; sourceTree = SOURCE_ROOT; };
		CD226F3D0E5D3CB6ED5A572A /* EZVMOmarchyTests.swift */ = {isa = PBXFileReference; lastKnownFileType = sourcecode.swift; path = EZVMOmarchyTests.swift; sourceTree = "<group>"; };
		EE5B4D3B4A0C6EF54D9E6272 /* OmarchyAcceptanceObservationReporter.swift */ = {isa = PBXFileReference; lastKnownFileType = sourcecode.swift; path = OmarchyAcceptanceObservationReporter.swift; sourceTree = "<group>"; };
/* End PBXFileReference section */

/* Begin PBXFrameworksBuildPhase section */
		4F589970418908A0253E9EAF /* Frameworks */ = {
			isa = PBXFrameworksBuildPhase;
			buildActionMask = 2147483647;
			files = (
				9B9BBDD231C0C70175C88AB3 /* EZVMCore in Frameworks */,
			);
			runOnlyForDeploymentPostprocessing = 0;
		};
/* End PBXFrameworksBuildPhase section */

/* Begin PBXGroup section */
		12FF22FC765D2A748BFFF5B2 /* Packages */ = {
			isa = PBXGroup;
			children = (
				C6F28A4F2339E9106ECC8119 /* ezvm */,
			);
			name = Packages;
			sourceTree = "<group>";
		};
		17413F39F74FEA6AA665CEE0 = {
			isa = PBXGroup;
			children = (
				12FF22FC765D2A748BFFF5B2 /* Packages */,
				42A950A48AFC337E4A57A2E8 /* Sources */,
				915BF81C3043C50DBF988B7F /* Tests */,
				CC83EE377BA2489A91A07BAA /* Products */,
			);
			sourceTree = "<group>";
		};
		42A950A48AFC337E4A57A2E8 /* Sources */ = {
			isa = PBXGroup;
			children = (
				B4BFDC7816F487DFD13DE00E /* EZVMOmarchyApp.swift */,
				EE5B4D3B4A0C6EF54D9E6272 /* OmarchyAcceptanceObservationReporter.swift */,
				9000919C36387C899ED23370 /* OmarchyApplicationTermination.swift */,
				490C829832DAA7EF0DC3578B /* OmarchyClipboardAcceptanceProbe.swift */,
				747AF85434076ADB336950A7 /* OmarchyDynamicDisplayAcceptanceProbe.swift */,
				A0632B6717EC41A9EF9D4C62 /* OmarchyFocusedCommandBridge.swift */,
				7B3DB1F289B76BE9C540F5A3 /* OmarchyFullScreenAcceptanceProbe.swift */,
				93363B5A93F4C340BAE13537 /* OmarchyLockAcceptanceState.swift */,
				0265C3DEC883F1B7E77487C9 /* OmarchyReleaseReadinessReporter.swift */,
				94DFD16F2FF9FB7E18292398 /* OmarchyVirtualMachineView.swift */,
			);
			path = Sources;
			sourceTree = "<group>";
		};
		915BF81C3043C50DBF988B7F /* Tests */ = {
			isa = PBXGroup;
			children = (
				CD226F3D0E5D3CB6ED5A572A /* EZVMOmarchyTests.swift */,
			);
			path = Tests;
			sourceTree = "<group>";
		};
		CC83EE377BA2489A91A07BAA /* Products */ = {
			isa = PBXGroup;
			children = (
				970A0F8BAF9DF5EC452BC1D0 /* EZVM Omarchy.app */,
				3B328C4BF0A9CFBE6C0F6D36 /* EZVM OmarchyTests.xctest */,
			);
			name = Products;
			sourceTree = "<group>";
		};
/* End PBXGroup section */

/* Begin PBXNativeTarget section */
		28A11CFA4A3F273EF5A569B1 /* EZVM Omarchy */ = {
			isa = PBXNativeTarget;
			buildConfigurationList = 73FFD2CF372949F89893FC8E /* Build configuration list for PBXNativeTarget "EZVM Omarchy" */;
			buildPhases = (
				3F95178522C279FF592F07FE /* Sources */,
				4F589970418908A0253E9EAF /* Frameworks */,
			);
			buildRules = (
			);
			dependencies = (
			);
			name = "EZVM Omarchy";
			packageProductDependencies = (
				88A9EBB2192A7177FE428C52 /* EZVMCore */,
			);
			productName = "EZVM Omarchy";
			productReference = 970A0F8BAF9DF5EC452BC1D0 /* EZVM Omarchy.app */;
			productType = "com.apple.product-type.application";
		};
		7300730E1AD9CA1DD5FFA42D /* EZVM OmarchyTests */ = {
			isa = PBXNativeTarget;
			buildConfigurationList = 8BDA3422E8C3376DBF265457 /* Build configuration list for PBXNativeTarget "EZVM OmarchyTests" */;
			buildPhases = (
				F43A1D454B302A5445411183 /* Sources */,
			);
			buildRules = (
			);
			dependencies = (
				04AAEC8400878793D4579D8F /* PBXTargetDependency */,
			);
			name = "EZVM OmarchyTests";
			packageProductDependencies = (
			);
			productName = "EZVM OmarchyTests";
			productReference = 3B328C4BF0A9CFBE6C0F6D36 /* EZVM OmarchyTests.xctest */;
			productType = "com.apple.product-type.bundle.unit-test";
		};
/* End PBXNativeTarget section */

/* Begin PBXProject section */
		91582A93F7CFC5BDE3531348 /* Project object */ = {
			isa = PBXProject;
			attributes = {
				BuildIndependentTargetsInParallel = YES;
				LastUpgradeCheck = 1430;
				TargetAttributes = {
					28A11CFA4A3F273EF5A569B1 = {
						DevelopmentTeam = YPV49M8592;
						ProvisioningStyle = Automatic;
					};
				};
			};
			buildConfigurationList = F6C75C330AD2D17E6C6404D6 /* Build configuration list for PBXProject "EZVMOmarchy" */;
			compatibilityVersion = "Xcode 14.0";
			developmentRegion = en;
			hasScannedForEncodings = 0;
			knownRegions = (
				Base,
				en,
			);
			mainGroup = 17413F39F74FEA6AA665CEE0;
			minimizedProjectReferenceProxies = 1;
			packageReferences = (
				7C804DAB0213828ADD9BD1AA /* XCLocalSwiftPackageReference ".." */,
			);
			preferredProjectObjectVersion = 77;
			projectDirPath = "";
			projectRoot = "";
			targets = (
				28A11CFA4A3F273EF5A569B1 /* EZVM Omarchy */,
				7300730E1AD9CA1DD5FFA42D /* EZVM OmarchyTests */,
			);
		};
/* End PBXProject section */

/* Begin PBXSourcesBuildPhase section */
		3F95178522C279FF592F07FE /* Sources */ = {
			isa = PBXSourcesBuildPhase;
			buildActionMask = 2147483647;
			files = (
				20E670A3AF3B256648F15181 /* EZVMOmarchyApp.swift in Sources */,
				A0EB879AA8A757D163F06A69 /* OmarchyAcceptanceObservationReporter.swift in Sources */,
				8BC700C151EBE4754A081274 /* OmarchyApplicationTermination.swift in Sources */,
				16D6E33C2666F1DFAC91E593 /* OmarchyClipboardAcceptanceProbe.swift in Sources */,
				17DEE7144D9A6C9578E485EC /* OmarchyDynamicDisplayAcceptanceProbe.swift in Sources */,
				DABCAAE2A198CD15B90FB292 /* OmarchyFocusedCommandBridge.swift in Sources */,
				08B2C8C9A158F34B36E0CBB5 /* OmarchyFullScreenAcceptanceProbe.swift in Sources */,
				7DD269A01154BD72BA3B039B /* OmarchyLockAcceptanceState.swift in Sources */,
				1715A7B6CD7CC805DF830662 /* OmarchyReleaseReadinessReporter.swift in Sources */,
				177F45FA488565203C3F8F88 /* OmarchyVirtualMachineView.swift in Sources */,
			);
			runOnlyForDeploymentPostprocessing = 0;
		};
		F43A1D454B302A5445411183 /* Sources */ = {
			isa = PBXSourcesBuildPhase;
			buildActionMask = 2147483647;
			files = (
				4AF317238132CFFC331CA4F3 /* EZVMOmarchyTests.swift in Sources */,
			);
			runOnlyForDeploymentPostprocessing = 0;
		};
/* End PBXSourcesBuildPhase section */

/* Begin PBXTargetDependency section */
		04AAEC8400878793D4579D8F /* PBXTargetDependency */ = {
			isa = PBXTargetDependency;
			target = 28A11CFA4A3F273EF5A569B1 /* EZVM Omarchy */;
			targetProxy = 1BCCFE13B7B938762DDCED50 /* PBXContainerItemProxy */;
		};
/* End PBXTargetDependency section */

/* Begin XCBuildConfiguration section */
		049631DC077B21D184EC4C1B /* Debug */ = {
			isa = XCBuildConfiguration;
			buildSettings = {
				BUNDLE_LOADER = "$(TEST_HOST)";
				COMBINE_HIDPI_IMAGES = YES;
				GENERATE_INFOPLIST_FILE = YES;
				LD_RUNPATH_SEARCH_PATHS = (
					"$(inherited)",
					"@executable_path/../Frameworks",
					"@loader_path/../Frameworks",
				);
				PRODUCT_BUNDLE_IDENTIFIER = com.everettjf.ezvm.omarchy.tests;
				SDKROOT = macosx;
				SWIFT_VERSION = 5.0;
				TEST_HOST = "$(BUILT_PRODUCTS_DIR)/EZVM Omarchy.app/Contents/MacOS/EZVM Omarchy";
			};
			name = Debug;
		};
		09162161D4403823BAB853AA /* Debug */ = {
			isa = XCBuildConfiguration;
			buildSettings = {
				ALWAYS_SEARCH_USER_PATHS = NO;
				CLANG_ANALYZER_NONNULL = YES;
				CLANG_ANALYZER_NUMBER_OBJECT_CONVERSION = YES_AGGRESSIVE;
				CLANG_CXX_LANGUAGE_STANDARD = "gnu++14";
				CLANG_CXX_LIBRARY = "libc++";
				CLANG_ENABLE_MODULES = YES;
				CLANG_ENABLE_OBJC_ARC = YES;
				CLANG_ENABLE_OBJC_WEAK = YES;
				CLANG_WARN_BLOCK_CAPTURE_AUTORELEASING = YES;
				CLANG_WARN_BOOL_CONVERSION = YES;
				CLANG_WARN_COMMA = YES;
				CLANG_WARN_CONSTANT_CONVERSION = YES;
				CLANG_WARN_DEPRECATED_OBJC_IMPLEMENTATIONS = YES;
				CLANG_WARN_DIRECT_OBJC_ISA_USAGE = YES_ERROR;
				CLANG_WARN_DOCUMENTATION_COMMENTS = YES;
				CLANG_WARN_EMPTY_BODY = YES;
				CLANG_WARN_ENUM_CONVERSION = YES;
				CLANG_WARN_INFINITE_RECURSION = YES;
				CLANG_WARN_INT_CONVERSION = YES;
				CLANG_WARN_NON_LITERAL_NULL_CONVERSION = YES;
				CLANG_WARN_OBJC_IMPLICIT_RETAIN_SELF = YES;
				CLANG_WARN_OBJC_LITERAL_CONVERSION = YES;
				CLANG_WARN_OBJC_ROOT_CLASS = YES_ERROR;
				CLANG_WARN_QUOTED_INCLUDE_IN_FRAMEWORK_HEADER = YES;
				CLANG_WARN_RANGE_LOOP_ANALYSIS = YES;
				CLANG_WARN_STRICT_PROTOTYPES = YES;
				CLANG_WARN_SUSPICIOUS_MOVE = YES;
				CLANG_WARN_UNGUARDED_AVAILABILITY = YES_AGGRESSIVE;
				CLANG_WARN_UNREACHABLE_CODE = YES;
				CLANG_WARN__DUPLICATE_METHOD_MATCH = YES;
				COPY_PHASE_STRIP = NO;
				DEBUG_INFORMATION_FORMAT = dwarf;
				ENABLE_STRICT_OBJC_MSGSEND = YES;
				ENABLE_TESTABILITY = YES;
				GCC_C_LANGUAGE_STANDARD = gnu11;
				GCC_DYNAMIC_NO_PIC = NO;
				GCC_NO_COMMON_BLOCKS = YES;
				GCC_OPTIMIZATION_LEVEL = 0;
				GCC_PREPROCESSOR_DEFINITIONS = (
					"$(inherited)",
					"DEBUG=1",
				);
				GCC_WARN_64_TO_32_BIT_CONVERSION = YES;
				GCC_WARN_ABOUT_RETURN_TYPE = YES_ERROR;
				GCC_WARN_UNDECLARED_SELECTOR = YES;
				GCC_WARN_UNINITIALIZED_AUTOS = YES_AGGRESSIVE;
				GCC_WARN_UNUSED_FUNCTION = YES;
				GCC_WARN_UNUSED_VARIABLE = YES;
				MACOSX_DEPLOYMENT_TARGET = 27.0;
				MTL_ENABLE_DEBUG_INFO = INCLUDE_SOURCE;
				MTL_FAST_MATH = YES;
				ONLY_ACTIVE_ARCH = YES;
				PRODUCT_NAME = "$(TARGET_NAME)";
				SDKROOT = macosx;
				SWIFT_ACTIVE_COMPILATION_CONDITIONS = DEBUG;
				SWIFT_OPTIMIZATION_LEVEL = "-Onone";
				SWIFT_VERSION = 5.0;
			};
			name = Debug;
		};
		0A68D20A3804A4A4A033022E /* Release */ = {
			isa = XCBuildConfiguration;
			buildSettings = {
				ALWAYS_SEARCH_USER_PATHS = NO;
				CLANG_ANALYZER_NONNULL = YES;
				CLANG_ANALYZER_NUMBER_OBJECT_CONVERSION = YES_AGGRESSIVE;
				CLANG_CXX_LANGUAGE_STANDARD = "gnu++14";
				CLANG_CXX_LIBRARY = "libc++";
				CLANG_ENABLE_MODULES = YES;
				CLANG_ENABLE_OBJC_ARC = YES;
				CLANG_ENABLE_OBJC_WEAK = YES;
				CLANG_WARN_BLOCK_CAPTURE_AUTORELEASING = YES;
				CLANG_WARN_BOOL_CONVERSION = YES;
				CLANG_WARN_COMMA = YES;
				CLANG_WARN_CONSTANT_CONVERSION = YES;
				CLANG_WARN_DEPRECATED_OBJC_IMPLEMENTATIONS = YES;
				CLANG_WARN_DIRECT_OBJC_ISA_USAGE = YES_ERROR;
				CLANG_WARN_DOCUMENTATION_COMMENTS = YES;
				CLANG_WARN_EMPTY_BODY = YES;
				CLANG_WARN_ENUM_CONVERSION = YES;
				CLANG_WARN_INFINITE_RECURSION = YES;
				CLANG_WARN_INT_CONVERSION = YES;
				CLANG_WARN_NON_LITERAL_NULL_CONVERSION = YES;
				CLANG_WARN_OBJC_IMPLICIT_RETAIN_SELF = YES;
				CLANG_WARN_OBJC_LITERAL_CONVERSION = YES;
				CLANG_WARN_OBJC_ROOT_CLASS = YES_ERROR;
				CLANG_WARN_QUOTED_INCLUDE_IN_FRAMEWORK_HEADER = YES;
				CLANG_WARN_RANGE_LOOP_ANALYSIS = YES;
				CLANG_WARN_STRICT_PROTOTYPES = YES;
				CLANG_WARN_SUSPICIOUS_MOVE = YES;
				CLANG_WARN_UNGUARDED_AVAILABILITY = YES_AGGRESSIVE;
				CLANG_WARN_UNREACHABLE_CODE = YES;
				CLANG_WARN__DUPLICATE_METHOD_MATCH = YES;
				COPY_PHASE_STRIP = NO;
				DEBUG_INFORMATION_FORMAT = "dwarf-with-dsym";
				ENABLE_NS_ASSERTIONS = NO;
				ENABLE_STRICT_OBJC_MSGSEND = YES;
				GCC_C_LANGUAGE_STANDARD = gnu11;
				GCC_NO_COMMON_BLOCKS = YES;
				GCC_WARN_64_TO_32_BIT_CONVERSION = YES;
				GCC_WARN_ABOUT_RETURN_TYPE = YES_ERROR;
				GCC_WARN_UNDECLARED_SELECTOR = YES;
				GCC_WARN_UNINITIALIZED_AUTOS = YES_AGGRESSIVE;
				GCC_WARN_UNUSED_FUNCTION = YES;
				GCC_WARN_UNUSED_VARIABLE = YES;
				MACOSX_DEPLOYMENT_TARGET = 27.0;
				MTL_ENABLE_DEBUG_INFO = NO;
				MTL_FAST_MATH = YES;
				PRODUCT_NAME = "$(TARGET_NAME)";
				SDKROOT = macosx;
				SWIFT_COMPILATION_MODE = wholemodule;
				SWIFT_OPTIMIZATION_LEVEL = "-O";
				SWIFT_VERSION = 5.0;
			};
			name = Release;
		};
		30FC517FB71A3CAAED0353BA /* Release */ = {
			isa = XCBuildConfiguration;
			buildSettings = {
				ASSETCATALOG_COMPILER_APPICON_NAME = AppIcon;
				CODE_SIGN_ENTITLEMENTS = Resources/EZVMOmarchy.entitlements;
				CODE_SIGN_STYLE = Automatic;
				COMBINE_HIDPI_IMAGES = YES;
				CURRENT_PROJECT_VERSION = 1;
				DEVELOPMENT_TEAM = YPV49M8592;
				ENABLE_HARDENED_RUNTIME = YES;
				GENERATE_INFOPLIST_FILE = YES;
				INFOPLIST_FILE = Resources/Info.plist;
				INFOPLIST_KEY_CFBundleDisplayName = "EZVM Omarchy";
				INFOPLIST_KEY_LSApplicationCategoryType = "public.app-category.developer-tools";
				LD_RUNPATH_SEARCH_PATHS = (
					"$(inherited)",
					"@executable_path/../Frameworks",
				);
				MARKETING_VERSION = 0.1.0;
				PRODUCT_BUNDLE_IDENTIFIER = com.everettjf.ezvm.omarchy;
				PRODUCT_NAME = "EZVM Omarchy";
				SDKROOT = macosx;
				SWIFT_VERSION = 5.0;
			};
			name = Release;
		};
		3562291E4A81E7ECD0155057 /* Debug */ = {
			isa = XCBuildConfiguration;
			buildSettings = {
				ASSETCATALOG_COMPILER_APPICON_NAME = AppIcon;
				CODE_SIGN_ENTITLEMENTS = Resources/EZVMOmarchy.entitlements;
				CODE_SIGN_STYLE = Automatic;
				COMBINE_HIDPI_IMAGES = YES;
				CURRENT_PROJECT_VERSION = 1;
				DEVELOPMENT_TEAM = YPV49M8592;
				ENABLE_HARDENED_RUNTIME = YES;
				GENERATE_INFOPLIST_FILE = YES;
				INFOPLIST_FILE = Resources/Info.plist;
				INFOPLIST_KEY_CFBundleDisplayName = "EZVM Omarchy";
				INFOPLIST_KEY_LSApplicationCategoryType = "public.app-category.developer-tools";
				LD_RUNPATH_SEARCH_PATHS = (
					"$(inherited)",
					"@executable_path/../Frameworks",
				);
				MARKETING_VERSION = 0.1.0;
				PRODUCT_BUNDLE_IDENTIFIER = com.everettjf.ezvm.omarchy;
				PRODUCT_NAME = "EZVM Omarchy";
				SDKROOT = macosx;
				SWIFT_VERSION = 5.0;
			};
			name = Debug;
		};
		60B7FA33D7E2883231B73637 /* Release */ = {
			isa = XCBuildConfiguration;
			buildSettings = {
				BUNDLE_LOADER = "$(TEST_HOST)";
				COMBINE_HIDPI_IMAGES = YES;
				GENERATE_INFOPLIST_FILE = YES;
				LD_RUNPATH_SEARCH_PATHS = (
					"$(inherited)",
					"@executable_path/../Frameworks",
					"@loader_path/../Frameworks",
				);
				PRODUCT_BUNDLE_IDENTIFIER = com.everettjf.ezvm.omarchy.tests;
				SDKROOT = macosx;
				SWIFT_VERSION = 5.0;
				TEST_HOST = "$(BUILT_PRODUCTS_DIR)/EZVM Omarchy.app/Contents/MacOS/EZVM Omarchy";
			};
			name = Release;
		};
/* End XCBuildConfiguration section */

/* Begin XCConfigurationList section */
		73FFD2CF372949F89893FC8E /* Build configuration list for PBXNativeTarget "EZVM Omarchy" */ = {
			isa = XCConfigurationList;
			buildConfigurations = (
				3562291E4A81E7ECD0155057 /* Debug */,
				30FC517FB71A3CAAED0353BA /* Release */,
			);
			defaultConfigurationIsVisible = 0;
			defaultConfigurationName = Debug;
		};
		8BDA3422E8C3376DBF265457 /* Build configuration list for PBXNativeTarget "EZVM OmarchyTests" */ = {
			isa = XCConfigurationList;
			buildConfigurations = (
				049631DC077B21D184EC4C1B /* Debug */,
				60B7FA33D7E2883231B73637 /* Release */,
			);
			defaultConfigurationIsVisible = 0;
			defaultConfigurationName = Debug;
		};
		F6C75C330AD2D17E6C6404D6 /* Build configuration list for PBXProject "EZVMOmarchy" */ = {
			isa = XCConfigurationList;
			buildConfigurations = (
				09162161D4403823BAB853AA /* Debug */,
				0A68D20A3804A4A4A033022E /* Release */,
			);
			defaultConfigurationIsVisible = 0;
			defaultConfigurationName = Debug;
		};
/* End XCConfigurationList section */

/* Begin XCLocalSwiftPackageReference section */
		7C804DAB0213828ADD9BD1AA /* XCLocalSwiftPackageReference ".." */ = {
			isa = XCLocalSwiftPackageReference;
			relativePath = ..;
		};
/* End XCLocalSwiftPackageReference section */

/* Begin XCSwiftPackageProductDependency section */
		88A9EBB2192A7177FE428C52 /* EZVMCore */ = {
			isa = XCSwiftPackageProductDependency;
			productName = EZVMCore;
		};
/* End XCSwiftPackageProductDependency section */
	};
	rootObject = 91582A93F7CFC5BDE3531348 /* Project object */;
}
