// !$*UTF8*$!
{
	archiveVersion = 1;
	classes = {
	};
	objectVersion = 56;
	objects = {

/* Begin PBXBuildFile section */
		D10BBDFD28AC700A00EF2630 /* DownloadImageView.swift in Sources */ = {isa = PBXBuildFile; fileRef = D10BBDFC28AC700A00EF2630 /* DownloadImageView.swift */; };
		D133EE64289EA3E30051E751 /* DirectorySelectTextField.swift in Sources */ = {isa = PBXBuildFile; fileRef = D133EE63289EA3E30051E751 /* DirectorySelectTextField.swift */; };
		D133EE66289EA6790051E751 /* FileSelectTextField.swift in Sources */ = {isa = PBXBuildFile; fileRef = D133EE65289EA6790051E751 /* FileSelectTextField.swift */; };
		D18E522C28B3BACA00508D8A /* VMModelHelper.swift in Sources */ = {isa = PBXBuildFile; fileRef = D18E522B28B3BACA00508D8A /* VMModelHelper.swift */; };
		D18E522F28B3D18B00508D8A /* VMModelFieldCPU.swift in Sources */ = {isa = PBXBuildFile; fileRef = D18E522E28B3D18B00508D8A /* VMModelFieldCPU.swift */; };
		D1E19A05289E99AD00CF27D3 /* VMModel.swift in Sources */ = {isa = PBXBuildFile; fileRef = D1E19A04289E99AD00CF27D3 /* VMModel.swift */; };
		D1E19A08289E9CFB00CF27D3 /* Date.swift in Sources */ = {isa = PBXBuildFile; fileRef = D1E19A07289E9CFB00CF27D3 /* Date.swift */; };
		D1E19A0A289E9DAD00CF27D3 /* Array.swift in Sources */ = {isa = PBXBuildFile; fileRef = D1E19A09289E9DAD00CF27D3 /* Array.swift */; };
		D1E19A0D289EA00A00CF27D3 /* CreateView.swift in Sources */ = {isa = PBXBuildFile; fileRef = D1E19A0C289EA00A00CF27D3 /* CreateView.swift */; };
		D1E61F6828ADD5D000ED98A0 /* AppConfigModel.swift in Sources */ = {isa = PBXBuildFile; fileRef = D1E61F6728ADD5D000ED98A0 /* AppConfigModel.swift */; };
		D1E61F6B28AF1D8100ED98A0 /* VMModelDecoder.swift in Sources */ = {isa = PBXBuildFile; fileRef = D1E61F6A28AF1D8100ED98A0 /* VMModelDecoder.swift */; };
		D1E61F6D28AF1DF900ED98A0 /* VMModelBuilder.swift in Sources */ = {isa = PBXBuildFile; fileRef = D1E61F6C28AF1DF900ED98A0 /* VMModelBuilder.swift */; };
		D1E61F6F28AF224D00ED98A0 /* VMModelEncoder.swift in Sources */ = {isa = PBXBuildFile; fileRef = D1E61F6E28AF224D00ED98A0 /* VMModelEncoder.swift */; };
		F2705282286C93AE0008DCD1 /* HeaderView.swift in Sources */ = {isa = PBXBuildFile; fileRef = F2705281286C93AE0008DCD1 /* HeaderView.swift */; };
		F2705284286C93EE0008DCD1 /* BodyView.swift in Sources */ = {isa = PBXBuildFile; fileRef = F2705283286C93EE0008DCD1 /* BodyView.swift */; };
		F2705289286C98B60008DCD1 /* VMCreateView.swift in Sources */ = {isa = PBXBuildFile; fileRef = F2705288286C98B60008DCD1 /* VMCreateView.swift */; };
		F2705290287142E10008DCD1 /* MacOSRestoreImage.swift in Sources */ = {isa = PBXBuildFile; fileRef = F270528E287142E10008DCD1 /* MacOSRestoreImage.swift */; };
		F2705291287142E10008DCD1 /* MacOSVirtualMachineInstaller.swift in Sources */ = {isa = PBXBuildFile; fileRef = F270528F287142E10008DCD1 /* MacOSVirtualMachineInstaller.swift */; };
		F2705293287143050008DCD1 /* MacOSInstall.swift in Sources */ = {isa = PBXBuildFile; fileRef = F2705292287143050008DCD1 /* MacOSInstall.swift */; };
		F27052982871D1A20008DCD1 /* LinuxPath.swift in Sources */ = {isa = PBXBuildFile; fileRef = F27052972871D1A20008DCD1 /* LinuxPath.swift */; };
		F270529B2871D2560008DCD1 /* LinuxVMViewController.swift in Sources */ = {isa = PBXBuildFile; fileRef = F27052992871D2560008DCD1 /* LinuxVMViewController.swift */; };
		F270529E2873C2550008DCD1 /* LinuxVMView.swift in Sources */ = {isa = PBXBuildFile; fileRef = F270529D2873C2550008DCD1 /* LinuxVMView.swift */; };
		F27052A02873C31E0008DCD1 /* LinuxVMContainerView.swift in Sources */ = {isa = PBXBuildFile; fileRef = F270529F2873C31E0008DCD1 /* LinuxVMContainerView.swift */; };
		F2C5DCA22866F7C800B2F41F /* EasyVMApp.swift in Sources */ = {isa = PBXBuildFile; fileRef = F2C5DCA12866F7C800B2F41F /* EasyVMApp.swift */; };
		F2C5DCA42866F7C800B2F41F /* ContentView.swift in Sources */ = {isa = PBXBuildFile; fileRef = F2C5DCA32866F7C800B2F41F /* ContentView.swift */; };
		F2C5DCA62866F7C900B2F41F /* Assets.xcassets in Resources */ = {isa = PBXBuildFile; fileRef = F2C5DCA52866F7C900B2F41F /* Assets.xcassets */; };
		F2C5DCA92866F7C900B2F41F /* Preview Assets.xcassets in Resources */ = {isa = PBXBuildFile; fileRef = F2C5DCA82866F7C900B2F41F /* Preview Assets.xcassets */; };
		F2C5DCB72866F7DC00B2F41F /* MacOSVMView.swift in Sources */ = {isa = PBXBuildFile; fileRef = F2C5DCB12866F7DC00B2F41F /* MacOSVMView.swift */; };
		F2C5DCB82866F7DC00B2F41F /* MacOSPath.swift in Sources */ = {isa = PBXBuildFile; fileRef = F2C5DCB32866F7DC00B2F41F /* MacOSPath.swift */; };
		F2C5DCB92866F7DC00B2F41F /* MacOSVirtualMachineDelegate.swift in Sources */ = {isa = PBXBuildFile; fileRef = F2C5DCB42866F7DC00B2F41F /* MacOSVirtualMachineDelegate.swift */; };
		F2C5DCBA2866F7DC00B2F41F /* MacOSVirtualMachineConfigurationHelper.swift in Sources */ = {isa = PBXBuildFile; fileRef = F2C5DCB52866F7DC00B2F41F /* MacOSVirtualMachineConfigurationHelper.swift */; };
		F2C5DCBB2866F7DC00B2F41F /* MacOSVMViewController.swift in Sources */ = {isa = PBXBuildFile; fileRef = F2C5DCB62866F7DC00B2F41F /* MacOSVMViewController.swift */; };
		F2C5DCBD2866F7F700B2F41F /* AppDelegate.swift in Sources */ = {isa = PBXBuildFile; fileRef = F2C5DCBC2866F7F700B2F41F /* AppDelegate.swift */; };
		F2C5DCC12868680000B2F41F /* MacOSVMContainerView.swift in Sources */ = {isa = PBXBuildFile; fileRef = F2C5DCC02868680000B2F41F /* MacOSVMContainerView.swift */; };
/* End PBXBuildFile section */

/* Begin PBXFileReference section */
		D10BBDFC28AC700A00EF2630 /* DownloadImageView.swift */ = {isa = PBXFileReference; lastKnownFileType = sourcecode.swift; path = DownloadImageView.swift; sourceTree = "<group>"; };
		D133EE63289EA3E30051E751 /* DirectorySelectTextField.swift */ = {isa = PBXFileReference; lastKnownFileType = sourcecode.swift; path = DirectorySelectTextField.swift; sourceTree = "<group>"; };
		D133EE65289EA6790051E751 /* FileSelectTextField.swift */ = {isa = PBXFileReference; lastKnownFileType = sourcecode.swift; path = FileSelectTextField.swift; sourceTree = "<group>"; };
		D18E522B28B3BACA00508D8A /* VMModelHelper.swift */ = {isa = PBXFileReference; lastKnownFileType = sourcecode.swift; path = VMModelHelper.swift; sourceTree = "<group>"; };
		D18E522E28B3D18B00508D8A /* VMModelFieldCPU.swift */ = {isa = PBXFileReference; lastKnownFileType = sourcecode.swift; path = VMModelFieldCPU.swift; sourceTree = "<group>"; };
		D1E19A04289E99AD00CF27D3 /* VMModel.swift */ = {isa = PBXFileReference; lastKnownFileType = sourcecode.swift; path = VMModel.swift; sourceTree = "<group>"; };
		D1E19A07289E9CFB00CF27D3 /* Date.swift */ = {isa = PBXFileReference; lastKnownFileType = sourcecode.swift; path = Date.swift; sourceTree = "<group>"; };
		D1E19A09289E9DAD00CF27D3 /* Array.swift */ = {isa = PBXFileReference; lastKnownFileType = sourcecode.swift; path = Array.swift; sourceTree = "<group>"; };
		D1E19A0C289EA00A00CF27D3 /* CreateView.swift */ = {isa = PBXFileReference; lastKnownFileType = sourcecode.swift; path = CreateView.swift; sourceTree = "<group>"; };
		D1E61F6728ADD5D000ED98A0 /* AppConfigModel.swift */ = {isa = PBXFileReference; lastKnownFileType = sourcecode.swift; path = AppConfigModel.swift; sourceTree = "<group>"; };
		D1E61F6A28AF1D8100ED98A0 /* VMModelDecoder.swift */ = {isa = PBXFileReference; lastKnownFileType = sourcecode.swift; path = VMModelDecoder.swift; sourceTree = "<group>"; };
		D1E61F6C28AF1DF900ED98A0 /* VMModelBuilder.swift */ = {isa = PBXFileReference; lastKnownFileType = sourcecode.swift; path = VMModelBuilder.swift; sourceTree = "<group>"; };
		D1E61F6E28AF224D00ED98A0 /* VMModelEncoder.swift */ = {isa = PBXFileReference; lastKnownFileType = sourcecode.swift; path = VMModelEncoder.swift; sourceTree = "<group>"; };
		F2705281286C93AE0008DCD1 /* HeaderView.swift */ = {isa = PBXFileReference; lastKnownFileType = sourcecode.swift; path = HeaderView.swift; sourceTree = "<group>"; };
		F2705283286C93EE0008DCD1 /* BodyView.swift */ = {isa = PBXFileReference; lastKnownFileType = sourcecode.swift; path = BodyView.swift; sourceTree = "<group>"; };
		F2705288286C98B60008DCD1 /* VMCreateView.swift */ = {isa = PBXFileReference; lastKnownFileType = sourcecode.swift; path = VMCreateView.swift; sourceTree = "<group>"; };
		F270528E287142E10008DCD1 /* MacOSRestoreImage.swift */ = {isa = PBXFileReference; fileEncoding = 4; lastKnownFileType = sourcecode.swift; path = MacOSRestoreImage.swift; sourceTree = "<group>"; };
		F270528F287142E10008DCD1 /* MacOSVirtualMachineInstaller.swift */ = {isa = PBXFileReference; fileEncoding = 4; lastKnownFileType = sourcecode.swift; path = MacOSVirtualMachineInstaller.swift; sourceTree = "<group>"; };
		F2705292287143050008DCD1 /* MacOSInstall.swift */ = {isa = PBXFileReference; lastKnownFileType = sourcecode.swift; path = MacOSInstall.swift; sourceTree = "<group>"; };
		F27052972871D1A20008DCD1 /* LinuxPath.swift */ = {isa = PBXFileReference; lastKnownFileType = sourcecode.swift; path = LinuxPath.swift; sourceTree = "<group>"; };
		F27052992871D2560008DCD1 /* LinuxVMViewController.swift */ = {isa = PBXFileReference; lastKnownFileType = sourcecode.swift; path = LinuxVMViewController.swift; sourceTree = "<group>"; };
		F270529D2873C2550008DCD1 /* LinuxVMView.swift */ = {isa = PBXFileReference; lastKnownFileType = sourcecode.swift; path = LinuxVMView.swift; sourceTree = "<group>"; };
		F270529F2873C31E0008DCD1 /* LinuxVMContainerView.swift */ = {isa = PBXFileReference; lastKnownFileType = sourcecode.swift; path = LinuxVMContainerView.swift; sourceTree = "<group>"; };
		F2C5DC9E2866F7C800B2F41F /* EasyVM.app */ = {isa = PBXFileReference; explicitFileType = wrapper.application; includeInIndex = 0; path = EasyVM.app; sourceTree = BUILT_PRODUCTS_DIR; };
		F2C5DCA12866F7C800B2F41F /* EasyVMApp.swift */ = {isa = PBXFileReference; lastKnownFileType = sourcecode.swift; path = EasyVMApp.swift; sourceTree = "<group>"; };
		F2C5DCA32866F7C800B2F41F /* ContentView.swift */ = {isa = PBXFileReference; lastKnownFileType = sourcecode.swift; path = ContentView.swift; sourceTree = "<group>"; };
		F2C5DCA52866F7C900B2F41F /* Assets.xcassets */ = {isa = PBXFileReference; lastKnownFileType = folder.assetcatalog; path = Assets.xcassets; sourceTree = "<group>"; };
		F2C5DCA82866F7C900B2F41F /* Preview Assets.xcassets */ = {isa = PBXFileReference; lastKnownFileType = folder.assetcatalog; path = "Preview Assets.xcassets"; sourceTree = "<group>"; };
		F2C5DCAA2866F7C900B2F41F /* EasyVM.entitlements */ = {isa = PBXFileReference; lastKnownFileType = text.plist.entitlements; path = EasyVM.entitlements; sourceTree = "<group>"; };
		F2C5DCB12866F7DC00B2F41F /* MacOSVMView.swift */ = {isa = PBXFileReference; fileEncoding = 4; lastKnownFileType = sourcecode.swift; path = MacOSVMView.swift; sourceTree = "<group>"; };
		F2C5DCB32866F7DC00B2F41F /* MacOSPath.swift */ = {isa = PBXFileReference; fileEncoding = 4; lastKnownFileType = sourcecode.swift; path = MacOSPath.swift; sourceTree = "<group>"; };
		F2C5DCB42866F7DC00B2F41F /* MacOSVirtualMachineDelegate.swift */ = {isa = PBXFileReference; fileEncoding = 4; lastKnownFileType = sourcecode.swift; path = MacOSVirtualMachineDelegate.swift; sourceTree = "<group>"; };
		F2C5DCB52866F7DC00B2F41F /* MacOSVirtualMachineConfigurationHelper.swift */ = {isa = PBXFileReference; fileEncoding = 4; lastKnownFileType = sourcecode.swift; path = MacOSVirtualMachineConfigurationHelper.swift; sourceTree = "<group>"; };
		F2C5DCB62866F7DC00B2F41F /* MacOSVMViewController.swift */ = {isa = PBXFileReference; fileEncoding = 4; lastKnownFileType = sourcecode.swift; path = MacOSVMViewController.swift; sourceTree = "<group>"; };
		F2C5DCBC2866F7F700B2F41F /* AppDelegate.swift */ = {isa = PBXFileReference; fileEncoding = 4; lastKnownFileType = sourcecode.swift; path = AppDelegate.swift; sourceTree = "<group>"; };
		F2C5DCC02868680000B2F41F /* MacOSVMContainerView.swift */ = {isa = PBXFileReference; lastKnownFileType = sourcecode.swift; path = MacOSVMContainerView.swift; sourceTree = "<group>"; };
/* End PBXFileReference section */

/* Begin PBXFrameworksBuildPhase section */
		F2C5DC9B2866F7C800B2F41F /* Frameworks */ = {
			isa = PBXFrameworksBuildPhase;
			buildActionMask = 2147483647;
			files = (
			);
			runOnlyForDeploymentPostprocessing = 0;
		};
/* End PBXFrameworksBuildPhase section */

/* Begin PBXGroup section */
		D18E522D28B3D15C00508D8A /* ModelFields */ = {
			isa = PBXGroup;
			children = (
				D18E522E28B3D18B00508D8A /* VMModelFieldCPU.swift */,
			);
			path = ModelFields;
			sourceTree = "<group>";
		};
		D1E19A03289E999A00CF27D3 /* Model */ = {
			isa = PBXGroup;
			children = (
				D1E61F6728ADD5D000ED98A0 /* AppConfigModel.swift */,
			);
			path = Model;
			sourceTree = "<group>";
		};
		D1E19A06289E9CE400CF27D3 /* Common */ = {
			isa = PBXGroup;
			children = (
				D1E19A09289E9DAD00CF27D3 /* Array.swift */,
				D1E19A07289E9CFB00CF27D3 /* Date.swift */,
			);
			path = Common;
			sourceTree = "<group>";
		};
		D1E19A0B289E9E3300CF27D3 /* Create */ = {
			isa = PBXGroup;
			children = (
				F2705288286C98B60008DCD1 /* VMCreateView.swift */,
				D1E19A0C289EA00A00CF27D3 /* CreateView.swift */,
				D133EE63289EA3E30051E751 /* DirectorySelectTextField.swift */,
				D133EE65289EA6790051E751 /* FileSelectTextField.swift */,
				D10BBDFC28AC700A00EF2630 /* DownloadImageView.swift */,
			);
			path = Create;
			sourceTree = "<group>";
		};
		D1E61F6928AF1D2400ED98A0 /* Core */ = {
			isa = PBXGroup;
			children = (
				D18E522D28B3D15C00508D8A /* ModelFields */,
				D1E19A04289E99AD00CF27D3 /* VMModel.swift */,
				D1E61F6A28AF1D8100ED98A0 /* VMModelDecoder.swift */,
				D1E61F6C28AF1DF900ED98A0 /* VMModelBuilder.swift */,
				D1E61F6E28AF224D00ED98A0 /* VMModelEncoder.swift */,
				D18E522B28B3BACA00508D8A /* VMModelHelper.swift */,
			);
			path = Core;
			sourceTree = "<group>";
		};
		F2705280286C93870008DCD1 /* Main */ = {
			isa = PBXGroup;
			children = (
				F2C5DCBC2866F7F700B2F41F /* AppDelegate.swift */,
				F2C5DCA12866F7C800B2F41F /* EasyVMApp.swift */,
				F2C5DCA32866F7C800B2F41F /* ContentView.swift */,
				F2705281286C93AE0008DCD1 /* HeaderView.swift */,
				F2705283286C93EE0008DCD1 /* BodyView.swift */,
			);
			path = Main;
			sourceTree = "<group>";
		};
		F270528A287141730008DCD1 /* Logic */ = {
			isa = PBXGroup;
			children = (
				F270528C287142A00008DCD1 /* Linux */,
				F2C5DCB02866F7DC00B2F41F /* MacOS */,
			);
			path = Logic;
			sourceTree = "<group>";
		};
		F270528C287142A00008DCD1 /* Linux */ = {
			isa = PBXGroup;
			children = (
				F27052972871D1A20008DCD1 /* LinuxPath.swift */,
				F27052992871D2560008DCD1 /* LinuxVMViewController.swift */,
				F270529D2873C2550008DCD1 /* LinuxVMView.swift */,
				F270529F2873C31E0008DCD1 /* LinuxVMContainerView.swift */,
			);
			path = Linux;
			sourceTree = "<group>";
		};
		F270528D287142D40008DCD1 /* Installation */ = {
			isa = PBXGroup;
			children = (
				F270528E287142E10008DCD1 /* MacOSRestoreImage.swift */,
				F270528F287142E10008DCD1 /* MacOSVirtualMachineInstaller.swift */,
				F2705292287143050008DCD1 /* MacOSInstall.swift */,
			);
			path = Installation;
			sourceTree = "<group>";
		};
		F2705294287147310008DCD1 /* View */ = {
			isa = PBXGroup;
			children = (
				F2C5DCB12866F7DC00B2F41F /* MacOSVMView.swift */,
				F2C5DCB62866F7DC00B2F41F /* MacOSVMViewController.swift */,
				F2C5DCC02868680000B2F41F /* MacOSVMContainerView.swift */,
			);
			path = View;
			sourceTree = "<group>";
		};
		F2C5DC952866F7C800B2F41F = {
			isa = PBXGroup;
			children = (
				F2C5DCA02866F7C800B2F41F /* EasyVM */,
				F2C5DC9F2866F7C800B2F41F /* Products */,
			);
			sourceTree = "<group>";
		};
		F2C5DC9F2866F7C800B2F41F /* Products */ = {
			isa = PBXGroup;
			children = (
				F2C5DC9E2866F7C800B2F41F /* EasyVM.app */,
			);
			name = Products;
			sourceTree = "<group>";
		};
		F2C5DCA02866F7C800B2F41F /* EasyVM */ = {
			isa = PBXGroup;
			children = (
				D1E61F6928AF1D2400ED98A0 /* Core */,
				D1E19A06289E9CE400CF27D3 /* Common */,
				D1E19A0B289E9E3300CF27D3 /* Create */,
				D1E19A03289E999A00CF27D3 /* Model */,
				F270528A287141730008DCD1 /* Logic */,
				F2705280286C93870008DCD1 /* Main */,
				F2C5DCA52866F7C900B2F41F /* Assets.xcassets */,
				F2C5DCAA2866F7C900B2F41F /* EasyVM.entitlements */,
				F2C5DCA72866F7C900B2F41F /* Preview Content */,
			);
			path = EasyVM;
			sourceTree = "<group>";
		};
		F2C5DCA72866F7C900B2F41F /* Preview Content */ = {
			isa = PBXGroup;
			children = (
				F2C5DCA82866F7C900B2F41F /* Preview Assets.xcassets */,
			);
			path = "Preview Content";
			sourceTree = "<group>";
		};
		F2C5DCB02866F7DC00B2F41F /* MacOS */ = {
			isa = PBXGroup;
			children = (
				F270528D287142D40008DCD1 /* Installation */,
				F2C5DCB22866F7DC00B2F41F /* Common */,
				F2705294287147310008DCD1 /* View */,
			);
			path = MacOS;
			sourceTree = "<group>";
		};
		F2C5DCB22866F7DC00B2F41F /* Common */ = {
			isa = PBXGroup;
			children = (
				F2C5DCB32866F7DC00B2F41F /* MacOSPath.swift */,
				F2C5DCB42866F7DC00B2F41F /* MacOSVirtualMachineDelegate.swift */,
				F2C5DCB52866F7DC00B2F41F /* MacOSVirtualMachineConfigurationHelper.swift */,
			);
			path = Common;
			sourceTree = "<group>";
		};
/* End PBXGroup section */

/* Begin PBXNativeTarget section */
		F2C5DC9D2866F7C800B2F41F /* EasyVM */ = {
			isa = PBXNativeTarget;
			buildConfigurationList = F2C5DCAD2866F7C900B2F41F /* Build configuration list for PBXNativeTarget "EasyVM" */;
			buildPhases = (
				F2C5DC9A2866F7C800B2F41F /* Sources */,
				F2C5DC9B2866F7C800B2F41F /* Frameworks */,
				F2C5DC9C2866F7C800B2F41F /* Resources */,
			);
			buildRules = (
			);
			dependencies = (
			);
			name = EasyVM;
			productName = EasyVM;
			productReference = F2C5DC9E2866F7C800B2F41F /* EasyVM.app */;
			productType = "com.apple.product-type.application";
		};
/* End PBXNativeTarget section */

/* Begin PBXProject section */
		F2C5DC962866F7C800B2F41F /* Project object */ = {
			isa = PBXProject;
			attributes = {
				BuildIndependentTargetsInParallel = 1;
				LastSwiftUpdateCheck = 1400;
				LastUpgradeCheck = 1400;
				TargetAttributes = {
					F2C5DC9D2866F7C800B2F41F = {
						CreatedOnToolsVersion = 14.0;
					};
				};
			};
			buildConfigurationList = F2C5DC992866F7C800B2F41F /* Build configuration list for PBXProject "EasyVM" */;
			compatibilityVersion = "Xcode 14.0";
			developmentRegion = en;
			hasScannedForEncodings = 0;
			knownRegions = (
				en,
				Base,
			);
			mainGroup = F2C5DC952866F7C800B2F41F;
			productRefGroup = F2C5DC9F2866F7C800B2F41F /* Products */;
			projectDirPath = "";
			projectRoot = "";
			targets = (
				F2C5DC9D2866F7C800B2F41F /* EasyVM */,
			);
		};
/* End PBXProject section */

/* Begin PBXResourcesBuildPhase section */
		F2C5DC9C2866F7C800B2F41F /* Resources */ = {
			isa = PBXResourcesBuildPhase;
			buildActionMask = 2147483647;
			files = (
				F2C5DCA92866F7C900B2F41F /* Preview Assets.xcassets in Resources */,
				F2C5DCA62866F7C900B2F41F /* Assets.xcassets in Resources */,
			);
			runOnlyForDeploymentPostprocessing = 0;
		};
/* End PBXResourcesBuildPhase section */

/* Begin PBXSourcesBuildPhase section */
		F2C5DC9A2866F7C800B2F41F /* Sources */ = {
			isa = PBXSourcesBuildPhase;
			buildActionMask = 2147483647;
			files = (
				D1E61F6828ADD5D000ED98A0 /* AppConfigModel.swift in Sources */,
				D10BBDFD28AC700A00EF2630 /* DownloadImageView.swift in Sources */,
				F2C5DCBD2866F7F700B2F41F /* AppDelegate.swift in Sources */,
				F2C5DCB92866F7DC00B2F41F /* MacOSVirtualMachineDelegate.swift in Sources */,
				F2C5DCA42866F7C800B2F41F /* ContentView.swift in Sources */,
				F2705293287143050008DCD1 /* MacOSInstall.swift in Sources */,
				D1E19A05289E99AD00CF27D3 /* VMModel.swift in Sources */,
				F2C5DCBA2866F7DC00B2F41F /* MacOSVirtualMachineConfigurationHelper.swift in Sources */,
				D133EE66289EA6790051E751 /* FileSelectTextField.swift in Sources */,
				F2705289286C98B60008DCD1 /* VMCreateView.swift in Sources */,
				D133EE64289EA3E30051E751 /* DirectorySelectTextField.swift in Sources */,
				D18E522C28B3BACA00508D8A /* VMModelHelper.swift in Sources */,
				F2705284286C93EE0008DCD1 /* BodyView.swift in Sources */,
				F270529E2873C2550008DCD1 /* LinuxVMView.swift in Sources */,
				F2C5DCB72866F7DC00B2F41F /* MacOSVMView.swift in Sources */,
				F27052982871D1A20008DCD1 /* LinuxPath.swift in Sources */,
				D18E522F28B3D18B00508D8A /* VMModelFieldCPU.swift in Sources */,
				F2C5DCC12868680000B2F41F /* MacOSVMContainerView.swift in Sources */,
				F2705282286C93AE0008DCD1 /* HeaderView.swift in Sources */,
				F2C5DCBB2866F7DC00B2F41F /* MacOSVMViewController.swift in Sources */,
				F2705290287142E10008DCD1 /* MacOSRestoreImage.swift in Sources */,
				F2C5DCB82866F7DC00B2F41F /* MacOSPath.swift in Sources */,
				D1E61F6D28AF1DF900ED98A0 /* VMModelBuilder.swift in Sources */,
				D1E19A08289E9CFB00CF27D3 /* Date.swift in Sources */,
				D1E19A0D289EA00A00CF27D3 /* CreateView.swift in Sources */,
				D1E19A0A289E9DAD00CF27D3 /* Array.swift in Sources */,
				F270529B2871D2560008DCD1 /* LinuxVMViewController.swift in Sources */,
				F27052A02873C31E0008DCD1 /* LinuxVMContainerView.swift in Sources */,
				F2C5DCA22866F7C800B2F41F /* EasyVMApp.swift in Sources */,
				D1E61F6F28AF224D00ED98A0 /* VMModelEncoder.swift in Sources */,
				D1E61F6B28AF1D8100ED98A0 /* VMModelDecoder.swift in Sources */,
				F2705291287142E10008DCD1 /* MacOSVirtualMachineInstaller.swift in Sources */,
			);
			runOnlyForDeploymentPostprocessing = 0;
		};
/* End PBXSourcesBuildPhase section */

/* Begin XCBuildConfiguration section */
		F2C5DCAB2866F7C900B2F41F /* Debug */ = {
			isa = XCBuildConfiguration;
			buildSettings = {
				ALWAYS_SEARCH_USER_PATHS = NO;
				CLANG_ANALYZER_NONNULL = YES;
				CLANG_ANALYZER_NUMBER_OBJECT_CONVERSION = YES_AGGRESSIVE;
				CLANG_CXX_LANGUAGE_STANDARD = "gnu++17";
				CLANG_ENABLE_MODULES = YES;
				CLANG_ENABLE_OBJC_ARC = YES;
				CLANG_ENABLE_OBJC_WEAK = YES;
				CLANG_WARN_BLOCK_CAPTURE_AUTORELEASING = YES;
				CLANG_WARN_BOOL_CONVERSION = YES;
				CLANG_WARN_COMMA = YES;
				CLANG_WARN_CONSTANT_CONVERSION = YES;
				CLANG_WARN_DEPRECATED_OBJC_IMPLEMENTATIONS = YES;
				CLANG_WARN_DIRECT_OBJC_ISA_USAGE = YES_ERROR;
				CLANG_WARN_DOCUMENTATION_COMMENTS = YES;
				CLANG_WARN_EMPTY_BODY = YES;
				CLANG_WARN_ENUM_CONVERSION = YES;
				CLANG_WARN_INFINITE_RECURSION = YES;
				CLANG_WARN_INT_CONVERSION = YES;
				CLANG_WARN_NON_LITERAL_NULL_CONVERSION = YES;
				CLANG_WARN_OBJC_IMPLICIT_RETAIN_SELF = YES;
				CLANG_WARN_OBJC_LITERAL_CONVERSION = YES;
				CLANG_WARN_OBJC_ROOT_CLASS = YES_ERROR;
				CLANG_WARN_QUOTED_INCLUDE_IN_FRAMEWORK_HEADER = YES;
				CLANG_WARN_RANGE_LOOP_ANALYSIS = YES;
				CLANG_WARN_STRICT_PROTOTYPES = YES;
				CLANG_WARN_SUSPICIOUS_MOVE = YES;
				CLANG_WARN_UNGUARDED_AVAILABILITY = YES_AGGRESSIVE;
				CLANG_WARN_UNREACHABLE_CODE = YES;
				CLANG_WARN__DUPLICATE_METHOD_MATCH = YES;
				COPY_PHASE_STRIP = NO;
				DEBUG_INFORMATION_FORMAT = dwarf;
				ENABLE_STRICT_OBJC_MSGSEND = YES;
				ENABLE_TESTABILITY = YES;
				GCC_C_LANGUAGE_STANDARD = gnu11;
				GCC_DYNAMIC_NO_PIC = NO;
				GCC_NO_COMMON_BLOCKS = YES;
				GCC_OPTIMIZATION_LEVEL = 0;
				GCC_PREPROCESSOR_DEFINITIONS = (
					"DEBUG=1",
					"$(inherited)",
				);
				GCC_WARN_64_TO_32_BIT_CONVERSION = YES;
				GCC_WARN_ABOUT_RETURN_TYPE = YES_ERROR;
				GCC_WARN_UNDECLARED_SELECTOR = YES;
				GCC_WARN_UNINITIALIZED_AUTOS = YES_AGGRESSIVE;
				GCC_WARN_UNUSED_FUNCTION = YES;
				GCC_WARN_UNUSED_VARIABLE = YES;
				MACOSX_DEPLOYMENT_TARGET = 13.0;
				MTL_ENABLE_DEBUG_INFO = INCLUDE_SOURCE;
				MTL_FAST_MATH = YES;
				ONLY_ACTIVE_ARCH = YES;
				SDKROOT = macosx;
				SWIFT_ACTIVE_COMPILATION_CONDITIONS = DEBUG;
				SWIFT_OPTIMIZATION_LEVEL = "-Onone";
			};
			name = Debug;
		};
		F2C5DCAC2866F7C900B2F41F /* Release */ = {
			isa = XCBuildConfiguration;
			buildSettings = {
				ALWAYS_SEARCH_USER_PATHS = NO;
				CLANG_ANALYZER_NONNULL = YES;
				CLANG_ANALYZER_NUMBER_OBJECT_CONVERSION = YES_AGGRESSIVE;
				CLANG_CXX_LANGUAGE_STANDARD = "gnu++17";
				CLANG_ENABLE_MODULES = YES;
				CLANG_ENABLE_OBJC_ARC = YES;
				CLANG_ENABLE_OBJC_WEAK = YES;
				CLANG_WARN_BLOCK_CAPTURE_AUTORELEASING = YES;
				CLANG_WARN_BOOL_CONVERSION = YES;
				CLANG_WARN_COMMA = YES;
				CLANG_WARN_CONSTANT_CONVERSION = YES;
				CLANG_WARN_DEPRECATED_OBJC_IMPLEMENTATIONS = YES;
				CLANG_WARN_DIRECT_OBJC_ISA_USAGE = YES_ERROR;
				CLANG_WARN_DOCUMENTATION_COMMENTS = YES;
				CLANG_WARN_EMPTY_BODY = YES;
				CLANG_WARN_ENUM_CONVERSION = YES;
				CLANG_WARN_INFINITE_RECURSION = YES;
				CLANG_WARN_INT_CONVERSION = YES;
				CLANG_WARN_NON_LITERAL_NULL_CONVERSION = YES;
				CLANG_WARN_OBJC_IMPLICIT_RETAIN_SELF = YES;
				CLANG_WARN_OBJC_LITERAL_CONVERSION = YES;
				CLANG_WARN_OBJC_ROOT_CLASS = YES_ERROR;
				CLANG_WARN_QUOTED_INCLUDE_IN_FRAMEWORK_HEADER = YES;
				CLANG_WARN_RANGE_LOOP_ANALYSIS = YES;
				CLANG_WARN_STRICT_PROTOTYPES = YES;
				CLANG_WARN_SUSPICIOUS_MOVE = YES;
				CLANG_WARN_UNGUARDED_AVAILABILITY = YES_AGGRESSIVE;
				CLANG_WARN_UNREACHABLE_CODE = YES;
				CLANG_WARN__DUPLICATE_METHOD_MATCH = YES;
				COPY_PHASE_STRIP = NO;
				DEBUG_INFORMATION_FORMAT = "dwarf-with-dsym";
				ENABLE_NS_ASSERTIONS = NO;
				ENABLE_STRICT_OBJC_MSGSEND = YES;
				GCC_C_LANGUAGE_STANDARD = gnu11;
				GCC_NO_COMMON_BLOCKS = YES;
				GCC_WARN_64_TO_32_BIT_CONVERSION = YES;
				GCC_WARN_ABOUT_RETURN_TYPE = YES_ERROR;
				GCC_WARN_UNDECLARED_SELECTOR = YES;
				GCC_WARN_UNINITIALIZED_AUTOS = YES_AGGRESSIVE;
				GCC_WARN_UNUSED_FUNCTION = YES;
				GCC_WARN_UNUSED_VARIABLE = YES;
				MACOSX_DEPLOYMENT_TARGET = 13.0;
				MTL_ENABLE_DEBUG_INFO = NO;
				MTL_FAST_MATH = YES;
				SDKROOT = macosx;
				SWIFT_COMPILATION_MODE = wholemodule;
				SWIFT_OPTIMIZATION_LEVEL = "-O";
			};
			name = Release;
		};
		F2C5DCAE2866F7C900B2F41F /* Debug */ = {
			isa = XCBuildConfiguration;
			buildSettings = {
				ASSETCATALOG_COMPILER_APPICON_NAME = AppIcon;
				ASSETCATALOG_COMPILER_GLOBAL_ACCENT_COLOR_NAME = AccentColor;
				CODE_SIGN_ENTITLEMENTS = EasyVM/EasyVM.entitlements;
				CODE_SIGN_STYLE = Automatic;
				COMBINE_HIDPI_IMAGES = YES;
				CURRENT_PROJECT_VERSION = 1;
				DEVELOPMENT_ASSET_PATHS = "\"EasyVM/Preview Content\"";
				DEVELOPMENT_TEAM = YPV49M8592;
				ENABLE_HARDENED_RUNTIME = YES;
				ENABLE_PREVIEWS = YES;
				GENERATE_INFOPLIST_FILE = YES;
				INFOPLIST_KEY_NSHumanReadableCopyright = "";
				LD_RUNPATH_SEARCH_PATHS = (
					"$(inherited)",
					"@executable_path/../Frameworks",
				);
				MARKETING_VERSION = 1.0;
				PRODUCT_BUNDLE_IDENTIFIER = com.everettjf.easyvm;
				PRODUCT_NAME = "$(TARGET_NAME)";
				SWIFT_EMIT_LOC_STRINGS = YES;
				SWIFT_VERSION = 5.0;
			};
			name = Debug;
		};
		F2C5DCAF2866F7C900B2F41F /* Release */ = {
			isa = XCBuildConfiguration;
			buildSettings = {
				ASSETCATALOG_COMPILER_APPICON_NAME = AppIcon;
				ASSETCATALOG_COMPILER_GLOBAL_ACCENT_COLOR_NAME = AccentColor;
				CODE_SIGN_ENTITLEMENTS = EasyVM/EasyVM.entitlements;
				CODE_SIGN_STYLE = Automatic;
				COMBINE_HIDPI_IMAGES = YES;
				CURRENT_PROJECT_VERSION = 1;
				DEVELOPMENT_ASSET_PATHS = "\"EasyVM/Preview Content\"";
				DEVELOPMENT_TEAM = YPV49M8592;
				ENABLE_HARDENED_RUNTIME = YES;
				ENABLE_PREVIEWS = YES;
				GENERATE_INFOPLIST_FILE = YES;
				INFOPLIST_KEY_NSHumanReadableCopyright = "";
				LD_RUNPATH_SEARCH_PATHS = (
					"$(inherited)",
					"@executable_path/../Frameworks",
				);
				MARKETING_VERSION = 1.0;
				PRODUCT_BUNDLE_IDENTIFIER = com.everettjf.easyvm;
				PRODUCT_NAME = "$(TARGET_NAME)";
				SWIFT_EMIT_LOC_STRINGS = YES;
				SWIFT_VERSION = 5.0;
			};
			name = Release;
		};
/* End XCBuildConfiguration section */

/* Begin XCConfigurationList section */
		F2C5DC992866F7C800B2F41F /* Build configuration list for PBXProject "EasyVM" */ = {
			isa = XCConfigurationList;
			buildConfigurations = (
				F2C5DCAB2866F7C900B2F41F /* Debug */,
				F2C5DCAC2866F7C900B2F41F /* Release */,
			);
			defaultConfigurationIsVisible = 0;
			defaultConfigurationName = Release;
		};
		F2C5DCAD2866F7C900B2F41F /* Build configuration list for PBXNativeTarget "EasyVM" */ = {
			isa = XCConfigurationList;
			buildConfigurations = (
				F2C5DCAE2866F7C900B2F41F /* Debug */,
				F2C5DCAF2866F7C900B2F41F /* Release */,
			);
			defaultConfigurationIsVisible = 0;
			defaultConfigurationName = Release;
		};
/* End XCConfigurationList section */
	};
	rootObject = F2C5DC962866F7C800B2F41F /* Project object */;
}
