// !$*UTF8*$!
{
	archiveVersion = 1;
	classes = {
	};
	objectVersion = 56;
	objects = {

/* Begin PBXBuildFile section */
		D1196EA128E5E2A300CCC04D /* VMConfigurationViewStateObject.swift in Sources */ = {isa = PBXBuildFile; fileRef = D1196EA028E5E2A300CCC04D /* VMConfigurationViewStateObject.swift */; };
		D1196EA328E5E2BE00CCC04D /* VMConfigurationCPUView.swift in Sources */ = {isa = PBXBuildFile; fileRef = D1196EA228E5E2BE00CCC04D /* VMConfigurationCPUView.swift */; };
		D1196EA528E5E2D600CCC04D /* VMConfigurationMemoryView.swift in Sources */ = {isa = PBXBuildFile; fileRef = D1196EA428E5E2D600CCC04D /* VMConfigurationMemoryView.swift */; };
		D1196EA928E5E52300CCC04D /* VMConfigurationGraphicDevicesView.swift in Sources */ = {isa = PBXBuildFile; fileRef = D1196EA828E5E52300CCC04D /* VMConfigurationGraphicDevicesView.swift */; };
		D1196EAC28E5EC4200CCC04D /* VMConfigurationGraphicDevicesEditView.swift in Sources */ = {isa = PBXBuildFile; fileRef = D1196EAB28E5EC4200CCC04D /* VMConfigurationGraphicDevicesEditView.swift */; };
		D1196EAE28E5F52100CCC04D /* VMConfigurationStorageDevicesView.swift in Sources */ = {isa = PBXBuildFile; fileRef = D1196EAD28E5F52100CCC04D /* VMConfigurationStorageDevicesView.swift */; };
		D1196EB128E5FA1F00CCC04D /* VMConfigurationStorageDevicesEditView.swift in Sources */ = {isa = PBXBuildFile; fileRef = D1196EB028E5FA1F00CCC04D /* VMConfigurationStorageDevicesEditView.swift */; };
		D1196EB328E68C9300CCC04D /* VMConfigurationNetworkDevicesView.swift in Sources */ = {isa = PBXBuildFile; fileRef = D1196EB228E68C9300CCC04D /* VMConfigurationNetworkDevicesView.swift */; };
		D1196EB528E68F8600CCC04D /* VMConfigurationNetworkDevicesEditView.swift in Sources */ = {isa = PBXBuildFile; fileRef = D1196EB428E68F8600CCC04D /* VMConfigurationNetworkDevicesEditView.swift */; };
		D1196EB728E6D67400CCC04D /* VMConfigurationPointingDevicesView.swift in Sources */ = {isa = PBXBuildFile; fileRef = D1196EB628E6D67400CCC04D /* VMConfigurationPointingDevicesView.swift */; };
		D1196EB928E6DB8D00CCC04D /* VMConfigurationPointingDevicesEditView.swift in Sources */ = {isa = PBXBuildFile; fileRef = D1196EB828E6DB8D00CCC04D /* VMConfigurationPointingDevicesEditView.swift */; };
		D1196EBB28E6EA4500CCC04D /* VMConfigurationAudioDevicesView.swift in Sources */ = {isa = PBXBuildFile; fileRef = D1196EBA28E6EA4500CCC04D /* VMConfigurationAudioDevicesView.swift */; };
		D1196EBD28E6ECF000CCC04D /* VMConfigurationAudioDevicesEditView.swift in Sources */ = {isa = PBXBuildFile; fileRef = D1196EBC28E6ECF000CCC04D /* VMConfigurationAudioDevicesEditView.swift */; };
		D1196EC028E7D65000CCC04D /* VMOSCreator.swift in Sources */ = {isa = PBXBuildFile; fileRef = D1196EBF28E7D65000CCC04D /* VMOSCreator.swift */; };
		D1196EC228E7D8D500CCC04D /* VMOSCreatorForMacOS.swift in Sources */ = {isa = PBXBuildFile; fileRef = D1196EC128E7D8D500CCC04D /* VMOSCreatorForMacOS.swift */; };
		D1196EC428E868BC00CCC04D /* VMOSHelper.swift in Sources */ = {isa = PBXBuildFile; fileRef = D1196EC328E868BC00CCC04D /* VMOSHelper.swift */; };
		D11A80E928C8ECDD004C1AC4 /* CreateStepperGuideView.swift in Sources */ = {isa = PBXBuildFile; fileRef = D11A80E828C8ECDD004C1AC4 /* CreateStepperGuideView.swift */; };
		D120BD5128CF25E4009297E8 /* MacKitUtil.swift in Sources */ = {isa = PBXBuildFile; fileRef = D120BD5028CF25E3009297E8 /* MacKitUtil.swift */; };
		D120BD5328CF2B8B009297E8 /* CreatePhaseNameConfigView.swift in Sources */ = {isa = PBXBuildFile; fileRef = D120BD5228CF2B8B009297E8 /* CreatePhaseNameConfigView.swift */; };
		D132336D28E27C2E002C26A2 /* VMOSImageDownloader.swift in Sources */ = {isa = PBXBuildFile; fileRef = D132336C28E27C2E002C26A2 /* VMOSImageDownloader.swift */; };
		D132337028E27C6B002C26A2 /* VMOSType.swift in Sources */ = {isa = PBXBuildFile; fileRef = D132336F28E27C6B002C26A2 /* VMOSType.swift */; };
		D132337328E282AF002C26A2 /* VMOSImageDownloadForMacOS.swift in Sources */ = {isa = PBXBuildFile; fileRef = D132337228E282AF002C26A2 /* VMOSImageDownloadForMacOS.swift */; };
		D132337528E282BD002C26A2 /* VMOSImageDownloadForLinux.swift in Sources */ = {isa = PBXBuildFile; fileRef = D132337428E282BD002C26A2 /* VMOSImageDownloadForLinux.swift */; };
		D132337728E28453002C26A2 /* VMOSResultVoid.swift in Sources */ = {isa = PBXBuildFile; fileRef = D132337628E28453002C26A2 /* VMOSResultVoid.swift */; };
		D142CA2928C82DDA004F86E9 /* CreatePhaseSystemTypeView.swift in Sources */ = {isa = PBXBuildFile; fileRef = D142CA2828C82DDA004F86E9 /* CreatePhaseSystemTypeView.swift */; };
		D163F33828C4DA11005FCAB5 /* MachineDetailCardView.swift in Sources */ = {isa = PBXBuildFile; fileRef = D163F33728C4DA11005FCAB5 /* MachineDetailCardView.swift */; };
		D18AE4D928D2B0F600B5C3E2 /* CreateFormStateObject.swift in Sources */ = {isa = PBXBuildFile; fileRef = D18AE4D828D2B0F600B5C3E2 /* CreateFormStateObject.swift */; };
		D18AE4DD28D2B67F00B5C3E2 /* SystemImageDownloadView.swift in Sources */ = {isa = PBXBuildFile; fileRef = D18AE4DC28D2B67F00B5C3E2 /* SystemImageDownloadView.swift */; };
		D18E522F28B3D18B00508D8A /* VMModelFieldCPU.swift in Sources */ = {isa = PBXBuildFile; fileRef = D18E522E28B3D18B00508D8A /* VMModelFieldCPU.swift */; };
		D19EC92F28CEE58C004564B7 /* CreatePhaseSystemImageView.swift in Sources */ = {isa = PBXBuildFile; fileRef = D19EC92E28CEE58C004564B7 /* CreatePhaseSystemImageView.swift */; };
		D19EC93128CEE6D8004564B7 /* CreatePhaseSaveDirectoryView.swift in Sources */ = {isa = PBXBuildFile; fileRef = D19EC93028CEE6D8004564B7 /* CreatePhaseSaveDirectoryView.swift */; };
		D19EC93328CEE9F6004564B7 /* CreatePhaseConfigurationView.swift in Sources */ = {isa = PBXBuildFile; fileRef = D19EC93228CEE9F6004564B7 /* CreatePhaseConfigurationView.swift */; };
		D19EC93728CEEA44004564B7 /* VMConfigurationView.swift in Sources */ = {isa = PBXBuildFile; fileRef = D19EC93628CEEA44004564B7 /* VMConfigurationView.swift */; };
		D19EC93928CEEAEB004564B7 /* CreatePhaseCreatingView.swift in Sources */ = {isa = PBXBuildFile; fileRef = D19EC93828CEEAEB004564B7 /* CreatePhaseCreatingView.swift */; };
		D19EC93B28CEEB49004564B7 /* CreatePhaseCompleteView.swift in Sources */ = {isa = PBXBuildFile; fileRef = D19EC93A28CEEB49004564B7 /* CreatePhaseCompleteView.swift */; };
		D1A6A5DF28BA5F3A00CBE80A /* Palettes.swift in Sources */ = {isa = PBXBuildFile; fileRef = D1A6A5DE28BA5F3A00CBE80A /* Palettes.swift */; };
		D1A6A5E228BA7AD500CBE80A /* DocumentsDetailHomeView.swift in Sources */ = {isa = PBXBuildFile; fileRef = D1A6A5E128BA7AD500CBE80A /* DocumentsDetailHomeView.swift */; };
		D1A6A5E428BA7AEC00CBE80A /* CommunityDetailHomeView.swift in Sources */ = {isa = PBXBuildFile; fileRef = D1A6A5E328BA7AEC00CBE80A /* CommunityDetailHomeView.swift */; };
		D1A6A5E628BA7B0300CBE80A /* IssuesDetailHomeView.swift in Sources */ = {isa = PBXBuildFile; fileRef = D1A6A5E528BA7B0300CBE80A /* IssuesDetailHomeView.swift */; };
		D1A6A5E828BA7B2100CBE80A /* AboutDetailHomeView.swift in Sources */ = {isa = PBXBuildFile; fileRef = D1A6A5E728BA7B2100CBE80A /* AboutDetailHomeView.swift */; };
		D1A6A5EB28BA7B9B00CBE80A /* Sidebar.swift in Sources */ = {isa = PBXBuildFile; fileRef = D1A6A5EA28BA7B9B00CBE80A /* Sidebar.swift */; };
		D1E19A05289E99AD00CF27D3 /* VMModel.swift in Sources */ = {isa = PBXBuildFile; fileRef = D1E19A04289E99AD00CF27D3 /* VMModel.swift */; };
		D1E19A08289E9CFB00CF27D3 /* Date.swift in Sources */ = {isa = PBXBuildFile; fileRef = D1E19A07289E9CFB00CF27D3 /* Date.swift */; };
		D1E19A0A289E9DAD00CF27D3 /* Array.swift in Sources */ = {isa = PBXBuildFile; fileRef = D1E19A09289E9DAD00CF27D3 /* Array.swift */; };
		D1E61F6828ADD5D000ED98A0 /* AppConfigModel.swift in Sources */ = {isa = PBXBuildFile; fileRef = D1E61F6728ADD5D000ED98A0 /* AppConfigModel.swift */; };
		D1EF706C28B65EEE00F2D279 /* VMModelFieldMemory.swift in Sources */ = {isa = PBXBuildFile; fileRef = D1EF706B28B65EEE00F2D279 /* VMModelFieldMemory.swift */; };
		D1EF706E28B6639600F2D279 /* VMModelFieldGraphicDevice.swift in Sources */ = {isa = PBXBuildFile; fileRef = D1EF706D28B6639600F2D279 /* VMModelFieldGraphicDevice.swift */; };
		D1EF707028B6654500F2D279 /* VMModelFieldStorageDevice.swift in Sources */ = {isa = PBXBuildFile; fileRef = D1EF706F28B6654500F2D279 /* VMModelFieldStorageDevice.swift */; };
		D1EF707228B6656500F2D279 /* VMModelFieldNetworkDevice.swift in Sources */ = {isa = PBXBuildFile; fileRef = D1EF707128B6656500F2D279 /* VMModelFieldNetworkDevice.swift */; };
		D1EF707428B6657400F2D279 /* VMModelFieldPointingDevice.swift in Sources */ = {isa = PBXBuildFile; fileRef = D1EF707328B6657400F2D279 /* VMModelFieldPointingDevice.swift */; };
		D1EF707828B6659A00F2D279 /* VMModelFieldAudioDevice.swift in Sources */ = {isa = PBXBuildFile; fileRef = D1EF707728B6659A00F2D279 /* VMModelFieldAudioDevice.swift */; };
		F2705282286C93AE0008DCD1 /* HeaderView.swift in Sources */ = {isa = PBXBuildFile; fileRef = F2705281286C93AE0008DCD1 /* HeaderView.swift */; };
		F2705284286C93EE0008DCD1 /* MachinesDetailHomeView.swift in Sources */ = {isa = PBXBuildFile; fileRef = F2705283286C93EE0008DCD1 /* MachinesDetailHomeView.swift */; };
		F2705290287142E10008DCD1 /* MacOSRestoreImage.swift in Sources */ = {isa = PBXBuildFile; fileRef = F270528E287142E10008DCD1 /* MacOSRestoreImage.swift */; };
		F2705291287142E10008DCD1 /* MacOSVirtualMachineInstaller.swift in Sources */ = {isa = PBXBuildFile; fileRef = F270528F287142E10008DCD1 /* MacOSVirtualMachineInstaller.swift */; };
		F2705293287143050008DCD1 /* MacOSInstall.swift in Sources */ = {isa = PBXBuildFile; fileRef = F2705292287143050008DCD1 /* MacOSInstall.swift */; };
		F27052982871D1A20008DCD1 /* LinuxPath.swift in Sources */ = {isa = PBXBuildFile; fileRef = F27052972871D1A20008DCD1 /* LinuxPath.swift */; };
		F270529B2871D2560008DCD1 /* LinuxVMViewController.swift in Sources */ = {isa = PBXBuildFile; fileRef = F27052992871D2560008DCD1 /* LinuxVMViewController.swift */; };
		F270529E2873C2550008DCD1 /* LinuxVMView.swift in Sources */ = {isa = PBXBuildFile; fileRef = F270529D2873C2550008DCD1 /* LinuxVMView.swift */; };
		F27052A02873C31E0008DCD1 /* LinuxVMContainerView.swift in Sources */ = {isa = PBXBuildFile; fileRef = F270529F2873C31E0008DCD1 /* LinuxVMContainerView.swift */; };
		F2C5DCA22866F7C800B2F41F /* MainApp.swift in Sources */ = {isa = PBXBuildFile; fileRef = F2C5DCA12866F7C800B2F41F /* MainApp.swift */; };
		F2C5DCA42866F7C800B2F41F /* ContentView.swift in Sources */ = {isa = PBXBuildFile; fileRef = F2C5DCA32866F7C800B2F41F /* ContentView.swift */; };
		F2C5DCA62866F7C900B2F41F /* Assets.xcassets in Resources */ = {isa = PBXBuildFile; fileRef = F2C5DCA52866F7C900B2F41F /* Assets.xcassets */; };
		F2C5DCA92866F7C900B2F41F /* Preview Assets.xcassets in Resources */ = {isa = PBXBuildFile; fileRef = F2C5DCA82866F7C900B2F41F /* Preview Assets.xcassets */; };
		F2C5DCB72866F7DC00B2F41F /* MacOSVMView.swift in Sources */ = {isa = PBXBuildFile; fileRef = F2C5DCB12866F7DC00B2F41F /* MacOSVMView.swift */; };
		F2C5DCB82866F7DC00B2F41F /* MacOSPath.swift in Sources */ = {isa = PBXBuildFile; fileRef = F2C5DCB32866F7DC00B2F41F /* MacOSPath.swift */; };
		F2C5DCB92866F7DC00B2F41F /* MacOSVirtualMachineDelegate.swift in Sources */ = {isa = PBXBuildFile; fileRef = F2C5DCB42866F7DC00B2F41F /* MacOSVirtualMachineDelegate.swift */; };
		F2C5DCBA2866F7DC00B2F41F /* MacOSVirtualMachineConfigurationHelper.swift in Sources */ = {isa = PBXBuildFile; fileRef = F2C5DCB52866F7DC00B2F41F /* MacOSVirtualMachineConfigurationHelper.swift */; };
		F2C5DCBB2866F7DC00B2F41F /* MacOSVMViewController.swift in Sources */ = {isa = PBXBuildFile; fileRef = F2C5DCB62866F7DC00B2F41F /* MacOSVMViewController.swift */; };
		F2C5DCBD2866F7F700B2F41F /* AppDelegate.swift in Sources */ = {isa = PBXBuildFile; fileRef = F2C5DCBC2866F7F700B2F41F /* AppDelegate.swift */; };
		F2C5DCC12868680000B2F41F /* MacOSVMContainerView.swift in Sources */ = {isa = PBXBuildFile; fileRef = F2C5DCC02868680000B2F41F /* MacOSVMContainerView.swift */; };
/* End PBXBuildFile section */

/* Begin PBXFileReference section */
		D1196EA028E5E2A300CCC04D /* VMConfigurationViewStateObject.swift */ = {isa = PBXFileReference; lastKnownFileType = sourcecode.swift; path = VMConfigurationViewStateObject.swift; sourceTree = "<group>"; };
		D1196EA228E5E2BE00CCC04D /* VMConfigurationCPUView.swift */ = {isa = PBXFileReference; lastKnownFileType = sourcecode.swift; path = VMConfigurationCPUView.swift; sourceTree = "<group>"; };
		D1196EA428E5E2D600CCC04D /* VMConfigurationMemoryView.swift */ = {isa = PBXFileReference; lastKnownFileType = sourcecode.swift; path = VMConfigurationMemoryView.swift; sourceTree = "<group>"; };
		D1196EA828E5E52300CCC04D /* VMConfigurationGraphicDevicesView.swift */ = {isa = PBXFileReference; lastKnownFileType = sourcecode.swift; path = VMConfigurationGraphicDevicesView.swift; sourceTree = "<group>"; };
		D1196EAB28E5EC4200CCC04D /* VMConfigurationGraphicDevicesEditView.swift */ = {isa = PBXFileReference; lastKnownFileType = sourcecode.swift; path = VMConfigurationGraphicDevicesEditView.swift; sourceTree = "<group>"; };
		D1196EAD28E5F52100CCC04D /* VMConfigurationStorageDevicesView.swift */ = {isa = PBXFileReference; lastKnownFileType = sourcecode.swift; path = VMConfigurationStorageDevicesView.swift; sourceTree = "<group>"; };
		D1196EB028E5FA1F00CCC04D /* VMConfigurationStorageDevicesEditView.swift */ = {isa = PBXFileReference; lastKnownFileType = sourcecode.swift; path = VMConfigurationStorageDevicesEditView.swift; sourceTree = "<group>"; };
		D1196EB228E68C9300CCC04D /* VMConfigurationNetworkDevicesView.swift */ = {isa = PBXFileReference; lastKnownFileType = sourcecode.swift; path = VMConfigurationNetworkDevicesView.swift; sourceTree = "<group>"; };
		D1196EB428E68F8600CCC04D /* VMConfigurationNetworkDevicesEditView.swift */ = {isa = PBXFileReference; lastKnownFileType = sourcecode.swift; path = VMConfigurationNetworkDevicesEditView.swift; sourceTree = "<group>"; };
		D1196EB628E6D67400CCC04D /* VMConfigurationPointingDevicesView.swift */ = {isa = PBXFileReference; lastKnownFileType = sourcecode.swift; path = VMConfigurationPointingDevicesView.swift; sourceTree = "<group>"; };
		D1196EB828E6DB8D00CCC04D /* VMConfigurationPointingDevicesEditView.swift */ = {isa = PBXFileReference; lastKnownFileType = sourcecode.swift; path = VMConfigurationPointingDevicesEditView.swift; sourceTree = "<group>"; };
		D1196EBA28E6EA4500CCC04D /* VMConfigurationAudioDevicesView.swift */ = {isa = PBXFileReference; lastKnownFileType = sourcecode.swift; path = VMConfigurationAudioDevicesView.swift; sourceTree = "<group>"; };
		D1196EBC28E6ECF000CCC04D /* VMConfigurationAudioDevicesEditView.swift */ = {isa = PBXFileReference; lastKnownFileType = sourcecode.swift; path = VMConfigurationAudioDevicesEditView.swift; sourceTree = "<group>"; };
		D1196EBF28E7D65000CCC04D /* VMOSCreator.swift */ = {isa = PBXFileReference; lastKnownFileType = sourcecode.swift; path = VMOSCreator.swift; sourceTree = "<group>"; };
		D1196EC128E7D8D500CCC04D /* VMOSCreatorForMacOS.swift */ = {isa = PBXFileReference; lastKnownFileType = sourcecode.swift; path = VMOSCreatorForMacOS.swift; sourceTree = "<group>"; };
		D1196EC328E868BC00CCC04D /* VMOSHelper.swift */ = {isa = PBXFileReference; lastKnownFileType = sourcecode.swift; path = VMOSHelper.swift; sourceTree = "<group>"; };
		D11A80E828C8ECDD004C1AC4 /* CreateStepperGuideView.swift */ = {isa = PBXFileReference; lastKnownFileType = sourcecode.swift; path = CreateStepperGuideView.swift; sourceTree = "<group>"; };
		D120BD5028CF25E3009297E8 /* MacKitUtil.swift */ = {isa = PBXFileReference; fileEncoding = 4; lastKnownFileType = sourcecode.swift; path = MacKitUtil.swift; sourceTree = "<group>"; };
		D120BD5228CF2B8B009297E8 /* CreatePhaseNameConfigView.swift */ = {isa = PBXFileReference; lastKnownFileType = sourcecode.swift; path = CreatePhaseNameConfigView.swift; sourceTree = "<group>"; };
		D132336C28E27C2E002C26A2 /* VMOSImageDownloader.swift */ = {isa = PBXFileReference; lastKnownFileType = sourcecode.swift; path = VMOSImageDownloader.swift; sourceTree = "<group>"; };
		D132336F28E27C6B002C26A2 /* VMOSType.swift */ = {isa = PBXFileReference; lastKnownFileType = sourcecode.swift; path = VMOSType.swift; sourceTree = "<group>"; };
		D132337228E282AF002C26A2 /* VMOSImageDownloadForMacOS.swift */ = {isa = PBXFileReference; lastKnownFileType = sourcecode.swift; path = VMOSImageDownloadForMacOS.swift; sourceTree = "<group>"; };
		D132337428E282BD002C26A2 /* VMOSImageDownloadForLinux.swift */ = {isa = PBXFileReference; lastKnownFileType = sourcecode.swift; path = VMOSImageDownloadForLinux.swift; sourceTree = "<group>"; };
		D132337628E28453002C26A2 /* VMOSResultVoid.swift */ = {isa = PBXFileReference; lastKnownFileType = sourcecode.swift; path = VMOSResultVoid.swift; sourceTree = "<group>"; };
		D142CA2828C82DDA004F86E9 /* CreatePhaseSystemTypeView.swift */ = {isa = PBXFileReference; lastKnownFileType = sourcecode.swift; path = CreatePhaseSystemTypeView.swift; sourceTree = "<group>"; };
		D163F33728C4DA11005FCAB5 /* MachineDetailCardView.swift */ = {isa = PBXFileReference; lastKnownFileType = sourcecode.swift; path = MachineDetailCardView.swift; sourceTree = "<group>"; };
		D18AE4D828D2B0F600B5C3E2 /* CreateFormStateObject.swift */ = {isa = PBXFileReference; lastKnownFileType = sourcecode.swift; path = CreateFormStateObject.swift; sourceTree = "<group>"; };
		D18AE4DC28D2B67F00B5C3E2 /* SystemImageDownloadView.swift */ = {isa = PBXFileReference; lastKnownFileType = sourcecode.swift; path = SystemImageDownloadView.swift; sourceTree = "<group>"; };
		D18E522E28B3D18B00508D8A /* VMModelFieldCPU.swift */ = {isa = PBXFileReference; lastKnownFileType = sourcecode.swift; path = VMModelFieldCPU.swift; sourceTree = "<group>"; };
		D19EC92E28CEE58C004564B7 /* CreatePhaseSystemImageView.swift */ = {isa = PBXFileReference; lastKnownFileType = sourcecode.swift; path = CreatePhaseSystemImageView.swift; sourceTree = "<group>"; };
		D19EC93028CEE6D8004564B7 /* CreatePhaseSaveDirectoryView.swift */ = {isa = PBXFileReference; lastKnownFileType = sourcecode.swift; path = CreatePhaseSaveDirectoryView.swift; sourceTree = "<group>"; };
		D19EC93228CEE9F6004564B7 /* CreatePhaseConfigurationView.swift */ = {isa = PBXFileReference; lastKnownFileType = sourcecode.swift; path = CreatePhaseConfigurationView.swift; sourceTree = "<group>"; };
		D19EC93628CEEA44004564B7 /* VMConfigurationView.swift */ = {isa = PBXFileReference; lastKnownFileType = sourcecode.swift; path = VMConfigurationView.swift; sourceTree = "<group>"; };
		D19EC93828CEEAEB004564B7 /* CreatePhaseCreatingView.swift */ = {isa = PBXFileReference; lastKnownFileType = sourcecode.swift; path = CreatePhaseCreatingView.swift; sourceTree = "<group>"; };
		D19EC93A28CEEB49004564B7 /* CreatePhaseCompleteView.swift */ = {isa = PBXFileReference; lastKnownFileType = sourcecode.swift; path = CreatePhaseCompleteView.swift; sourceTree = "<group>"; };
		D1A6A5DE28BA5F3A00CBE80A /* Palettes.swift */ = {isa = PBXFileReference; lastKnownFileType = sourcecode.swift; path = Palettes.swift; sourceTree = "<group>"; };
		D1A6A5E128BA7AD500CBE80A /* DocumentsDetailHomeView.swift */ = {isa = PBXFileReference; lastKnownFileType = sourcecode.swift; path = DocumentsDetailHomeView.swift; sourceTree = "<group>"; };
		D1A6A5E328BA7AEC00CBE80A /* CommunityDetailHomeView.swift */ = {isa = PBXFileReference; lastKnownFileType = sourcecode.swift; path = CommunityDetailHomeView.swift; sourceTree = "<group>"; };
		D1A6A5E528BA7B0300CBE80A /* IssuesDetailHomeView.swift */ = {isa = PBXFileReference; lastKnownFileType = sourcecode.swift; path = IssuesDetailHomeView.swift; sourceTree = "<group>"; };
		D1A6A5E728BA7B2100CBE80A /* AboutDetailHomeView.swift */ = {isa = PBXFileReference; lastKnownFileType = sourcecode.swift; path = AboutDetailHomeView.swift; sourceTree = "<group>"; };
		D1A6A5EA28BA7B9B00CBE80A /* Sidebar.swift */ = {isa = PBXFileReference; lastKnownFileType = sourcecode.swift; path = Sidebar.swift; sourceTree = "<group>"; };
		D1E19A04289E99AD00CF27D3 /* VMModel.swift */ = {isa = PBXFileReference; lastKnownFileType = sourcecode.swift; path = VMModel.swift; sourceTree = "<group>"; };
		D1E19A07289E9CFB00CF27D3 /* Date.swift */ = {isa = PBXFileReference; lastKnownFileType = sourcecode.swift; path = Date.swift; sourceTree = "<group>"; };
		D1E19A09289E9DAD00CF27D3 /* Array.swift */ = {isa = PBXFileReference; lastKnownFileType = sourcecode.swift; path = Array.swift; sourceTree = "<group>"; };
		D1E61F6728ADD5D000ED98A0 /* AppConfigModel.swift */ = {isa = PBXFileReference; lastKnownFileType = sourcecode.swift; path = AppConfigModel.swift; sourceTree = "<group>"; };
		D1EF706B28B65EEE00F2D279 /* VMModelFieldMemory.swift */ = {isa = PBXFileReference; lastKnownFileType = sourcecode.swift; path = VMModelFieldMemory.swift; sourceTree = "<group>"; };
		D1EF706D28B6639600F2D279 /* VMModelFieldGraphicDevice.swift */ = {isa = PBXFileReference; lastKnownFileType = sourcecode.swift; path = VMModelFieldGraphicDevice.swift; sourceTree = "<group>"; };
		D1EF706F28B6654500F2D279 /* VMModelFieldStorageDevice.swift */ = {isa = PBXFileReference; lastKnownFileType = sourcecode.swift; path = VMModelFieldStorageDevice.swift; sourceTree = "<group>"; };
		D1EF707128B6656500F2D279 /* VMModelFieldNetworkDevice.swift */ = {isa = PBXFileReference; lastKnownFileType = sourcecode.swift; path = VMModelFieldNetworkDevice.swift; sourceTree = "<group>"; };
		D1EF707328B6657400F2D279 /* VMModelFieldPointingDevice.swift */ = {isa = PBXFileReference; lastKnownFileType = sourcecode.swift; path = VMModelFieldPointingDevice.swift; sourceTree = "<group>"; };
		D1EF707728B6659A00F2D279 /* VMModelFieldAudioDevice.swift */ = {isa = PBXFileReference; lastKnownFileType = sourcecode.swift; path = VMModelFieldAudioDevice.swift; sourceTree = "<group>"; };
		F2705281286C93AE0008DCD1 /* HeaderView.swift */ = {isa = PBXFileReference; lastKnownFileType = sourcecode.swift; path = HeaderView.swift; sourceTree = "<group>"; };
		F2705283286C93EE0008DCD1 /* MachinesDetailHomeView.swift */ = {isa = PBXFileReference; lastKnownFileType = sourcecode.swift; path = MachinesDetailHomeView.swift; sourceTree = "<group>"; };
		F270528E287142E10008DCD1 /* MacOSRestoreImage.swift */ = {isa = PBXFileReference; fileEncoding = 4; lastKnownFileType = sourcecode.swift; path = MacOSRestoreImage.swift; sourceTree = "<group>"; };
		F270528F287142E10008DCD1 /* MacOSVirtualMachineInstaller.swift */ = {isa = PBXFileReference; fileEncoding = 4; lastKnownFileType = sourcecode.swift; path = MacOSVirtualMachineInstaller.swift; sourceTree = "<group>"; };
		F2705292287143050008DCD1 /* MacOSInstall.swift */ = {isa = PBXFileReference; lastKnownFileType = sourcecode.swift; path = MacOSInstall.swift; sourceTree = "<group>"; };
		F27052972871D1A20008DCD1 /* LinuxPath.swift */ = {isa = PBXFileReference; lastKnownFileType = sourcecode.swift; path = LinuxPath.swift; sourceTree = "<group>"; };
		F27052992871D2560008DCD1 /* LinuxVMViewController.swift */ = {isa = PBXFileReference; lastKnownFileType = sourcecode.swift; path = LinuxVMViewController.swift; sourceTree = "<group>"; };
		F270529D2873C2550008DCD1 /* LinuxVMView.swift */ = {isa = PBXFileReference; lastKnownFileType = sourcecode.swift; path = LinuxVMView.swift; sourceTree = "<group>"; };
		F270529F2873C31E0008DCD1 /* LinuxVMContainerView.swift */ = {isa = PBXFileReference; lastKnownFileType = sourcecode.swift; path = LinuxVMContainerView.swift; sourceTree = "<group>"; };
		F2C5DC9E2866F7C800B2F41F /* EasyVM.app */ = {isa = PBXFileReference; explicitFileType = wrapper.application; includeInIndex = 0; path = EasyVM.app; sourceTree = BUILT_PRODUCTS_DIR; };
		F2C5DCA12866F7C800B2F41F /* MainApp.swift */ = {isa = PBXFileReference; lastKnownFileType = sourcecode.swift; path = MainApp.swift; sourceTree = "<group>"; };
		F2C5DCA32866F7C800B2F41F /* ContentView.swift */ = {isa = PBXFileReference; lastKnownFileType = sourcecode.swift; path = ContentView.swift; sourceTree = "<group>"; };
		F2C5DCA52866F7C900B2F41F /* Assets.xcassets */ = {isa = PBXFileReference; lastKnownFileType = folder.assetcatalog; path = Assets.xcassets; sourceTree = "<group>"; };
		F2C5DCA82866F7C900B2F41F /* Preview Assets.xcassets */ = {isa = PBXFileReference; lastKnownFileType = folder.assetcatalog; path = "Preview Assets.xcassets"; sourceTree = "<group>"; };
		F2C5DCAA2866F7C900B2F41F /* EasyVM.entitlements */ = {isa = PBXFileReference; lastKnownFileType = text.plist.entitlements; path = EasyVM.entitlements; sourceTree = "<group>"; };
		F2C5DCB12866F7DC00B2F41F /* MacOSVMView.swift */ = {isa = PBXFileReference; fileEncoding = 4; lastKnownFileType = sourcecode.swift; path = MacOSVMView.swift; sourceTree = "<group>"; };
		F2C5DCB32866F7DC00B2F41F /* MacOSPath.swift */ = {isa = PBXFileReference; fileEncoding = 4; lastKnownFileType = sourcecode.swift; path = MacOSPath.swift; sourceTree = "<group>"; };
		F2C5DCB42866F7DC00B2F41F /* MacOSVirtualMachineDelegate.swift */ = {isa = PBXFileReference; fileEncoding = 4; lastKnownFileType = sourcecode.swift; path = MacOSVirtualMachineDelegate.swift; sourceTree = "<group>"; };
		F2C5DCB52866F7DC00B2F41F /* MacOSVirtualMachineConfigurationHelper.swift */ = {isa = PBXFileReference; fileEncoding = 4; lastKnownFileType = sourcecode.swift; path = MacOSVirtualMachineConfigurationHelper.swift; sourceTree = "<group>"; };
		F2C5DCB62866F7DC00B2F41F /* MacOSVMViewController.swift */ = {isa = PBXFileReference; fileEncoding = 4; lastKnownFileType = sourcecode.swift; path = MacOSVMViewController.swift; sourceTree = "<group>"; };
		F2C5DCBC2866F7F700B2F41F /* AppDelegate.swift */ = {isa = PBXFileReference; fileEncoding = 4; lastKnownFileType = sourcecode.swift; path = AppDelegate.swift; sourceTree = "<group>"; };
		F2C5DCC02868680000B2F41F /* MacOSVMContainerView.swift */ = {isa = PBXFileReference; lastKnownFileType = sourcecode.swift; path = MacOSVMContainerView.swift; sourceTree = "<group>"; };
/* End PBXFileReference section */

/* Begin PBXFrameworksBuildPhase section */
		F2C5DC9B2866F7C800B2F41F /* Frameworks */ = {
			isa = PBXFrameworksBuildPhase;
			buildActionMask = 2147483647;
			files = (
			);
			runOnlyForDeploymentPostprocessing = 0;
		};
/* End PBXFrameworksBuildPhase section */

/* Begin PBXGroup section */
		D1196EAA28E5E5A400CCC04D /* ChildViews */ = {
			isa = PBXGroup;
			children = (
				D1196EAB28E5EC4200CCC04D /* VMConfigurationGraphicDevicesEditView.swift */,
				D1196EB028E5FA1F00CCC04D /* VMConfigurationStorageDevicesEditView.swift */,
				D1196EB428E68F8600CCC04D /* VMConfigurationNetworkDevicesEditView.swift */,
				D1196EB828E6DB8D00CCC04D /* VMConfigurationPointingDevicesEditView.swift */,
				D1196EBC28E6ECF000CCC04D /* VMConfigurationAudioDevicesEditView.swift */,
			);
			path = ChildViews;
			sourceTree = "<group>";
		};
		D1196EAF28E5F53A00CCC04D /* State */ = {
			isa = PBXGroup;
			children = (
				D1196EA028E5E2A300CCC04D /* VMConfigurationViewStateObject.swift */,
			);
			path = State;
			sourceTree = "<group>";
		};
		D120BD5428CF463A009297E8 /* VMKit */ = {
			isa = PBXGroup;
			children = (
				D132337828E28589002C26A2 /* Common */,
				D132336E28E27C5E002C26A2 /* Model */,
				D132337128E282A0002C26A2 /* OS */,
				D132336C28E27C2E002C26A2 /* VMOSImageDownloader.swift */,
				D1196EBF28E7D65000CCC04D /* VMOSCreator.swift */,
			);
			path = VMKit;
			sourceTree = "<group>";
		};
		D132336828E19C26002C26A2 /* Model */ = {
			isa = PBXGroup;
			children = (
				D18AE4D828D2B0F600B5C3E2 /* CreateFormStateObject.swift */,
			);
			path = Model;
			sourceTree = "<group>";
		};
		D132336E28E27C5E002C26A2 /* Model */ = {
			isa = PBXGroup;
			children = (
				D18E522D28B3D15C00508D8A /* Fields */,
				D1E19A04289E99AD00CF27D3 /* VMModel.swift */,
				D132336F28E27C6B002C26A2 /* VMOSType.swift */,
			);
			path = Model;
			sourceTree = "<group>";
		};
		D132337128E282A0002C26A2 /* OS */ = {
			isa = PBXGroup;
			children = (
				D132337228E282AF002C26A2 /* VMOSImageDownloadForMacOS.swift */,
				D132337428E282BD002C26A2 /* VMOSImageDownloadForLinux.swift */,
				D1196EC128E7D8D500CCC04D /* VMOSCreatorForMacOS.swift */,
			);
			path = OS;
			sourceTree = "<group>";
		};
		D132337828E28589002C26A2 /* Common */ = {
			isa = PBXGroup;
			children = (
				D132337628E28453002C26A2 /* VMOSResultVoid.swift */,
				D1196EC328E868BC00CCC04D /* VMOSHelper.swift */,
			);
			path = Common;
			sourceTree = "<group>";
		};
		D18AE4DA28D2B62B00B5C3E2 /* PhaseViews */ = {
			isa = PBXGroup;
			children = (
				D142CA2828C82DDA004F86E9 /* CreatePhaseSystemTypeView.swift */,
				D120BD5228CF2B8B009297E8 /* CreatePhaseNameConfigView.swift */,
				D19EC93028CEE6D8004564B7 /* CreatePhaseSaveDirectoryView.swift */,
				D19EC92E28CEE58C004564B7 /* CreatePhaseSystemImageView.swift */,
				D19EC93228CEE9F6004564B7 /* CreatePhaseConfigurationView.swift */,
				D19EC93828CEEAEB004564B7 /* CreatePhaseCreatingView.swift */,
				D19EC93A28CEEB49004564B7 /* CreatePhaseCompleteView.swift */,
			);
			path = PhaseViews;
			sourceTree = "<group>";
		};
		D18AE4DB28D2B66300B5C3E2 /* OtherViews */ = {
			isa = PBXGroup;
			children = (
				D18AE4DC28D2B67F00B5C3E2 /* SystemImageDownloadView.swift */,
			);
			path = OtherViews;
			sourceTree = "<group>";
		};
		D18E522D28B3D15C00508D8A /* Fields */ = {
			isa = PBXGroup;
			children = (
				D18E522E28B3D18B00508D8A /* VMModelFieldCPU.swift */,
				D1EF706B28B65EEE00F2D279 /* VMModelFieldMemory.swift */,
				D1EF706D28B6639600F2D279 /* VMModelFieldGraphicDevice.swift */,
				D1EF706F28B6654500F2D279 /* VMModelFieldStorageDevice.swift */,
				D1EF707128B6656500F2D279 /* VMModelFieldNetworkDevice.swift */,
				D1EF707328B6657400F2D279 /* VMModelFieldPointingDevice.swift */,
				D1EF707728B6659A00F2D279 /* VMModelFieldAudioDevice.swift */,
			);
			path = Fields;
			sourceTree = "<group>";
		};
		D19EC93428CEEA09004564B7 /* Config */ = {
			isa = PBXGroup;
			children = (
				D1196EAF28E5F53A00CCC04D /* State */,
				D1196EAA28E5E5A400CCC04D /* ChildViews */,
				D19EC93628CEEA44004564B7 /* VMConfigurationView.swift */,
				D1196EA228E5E2BE00CCC04D /* VMConfigurationCPUView.swift */,
				D1196EA428E5E2D600CCC04D /* VMConfigurationMemoryView.swift */,
				D1196EA828E5E52300CCC04D /* VMConfigurationGraphicDevicesView.swift */,
				D1196EAD28E5F52100CCC04D /* VMConfigurationStorageDevicesView.swift */,
				D1196EB228E68C9300CCC04D /* VMConfigurationNetworkDevicesView.swift */,
				D1196EB628E6D67400CCC04D /* VMConfigurationPointingDevicesView.swift */,
				D1196EBA28E6EA4500CCC04D /* VMConfigurationAudioDevicesView.swift */,
			);
			path = Config;
			sourceTree = "<group>";
		};
		D1A6A5E028BA7A9200CBE80A /* Detail */ = {
			isa = PBXGroup;
			children = (
				D1AF34F728C5804D00317D05 /* Machines */,
				D1AF34F828C5805600317D05 /* Documents */,
				D1AF34F928C5805D00317D05 /* Community */,
				D1AF34FA28C5806500317D05 /* Issues */,
				D1AF34FB28C5806D00317D05 /* About */,
			);
			path = Detail;
			sourceTree = "<group>";
		};
		D1A6A5E928BA7B3B00CBE80A /* Temp */ = {
			isa = PBXGroup;
			children = (
				F2705281286C93AE0008DCD1 /* HeaderView.swift */,
			);
			path = Temp;
			sourceTree = "<group>";
		};
		D1AF34F728C5804D00317D05 /* Machines */ = {
			isa = PBXGroup;
			children = (
				D163F33728C4DA11005FCAB5 /* MachineDetailCardView.swift */,
				F2705283286C93EE0008DCD1 /* MachinesDetailHomeView.swift */,
			);
			path = Machines;
			sourceTree = "<group>";
		};
		D1AF34F828C5805600317D05 /* Documents */ = {
			isa = PBXGroup;
			children = (
				D1A6A5E128BA7AD500CBE80A /* DocumentsDetailHomeView.swift */,
			);
			path = Documents;
			sourceTree = "<group>";
		};
		D1AF34F928C5805D00317D05 /* Community */ = {
			isa = PBXGroup;
			children = (
				D1A6A5E328BA7AEC00CBE80A /* CommunityDetailHomeView.swift */,
			);
			path = Community;
			sourceTree = "<group>";
		};
		D1AF34FA28C5806500317D05 /* Issues */ = {
			isa = PBXGroup;
			children = (
				D1A6A5E528BA7B0300CBE80A /* IssuesDetailHomeView.swift */,
			);
			path = Issues;
			sourceTree = "<group>";
		};
		D1AF34FB28C5806D00317D05 /* About */ = {
			isa = PBXGroup;
			children = (
				D1A6A5E728BA7B2100CBE80A /* AboutDetailHomeView.swift */,
			);
			path = About;
			sourceTree = "<group>";
		};
		D1E19A03289E999A00CF27D3 /* Model */ = {
			isa = PBXGroup;
			children = (
				D1E61F6728ADD5D000ED98A0 /* AppConfigModel.swift */,
			);
			path = Model;
			sourceTree = "<group>";
		};
		D1E19A06289E9CE400CF27D3 /* Common */ = {
			isa = PBXGroup;
			children = (
				D120BD5028CF25E3009297E8 /* MacKitUtil.swift */,
				D1E19A09289E9DAD00CF27D3 /* Array.swift */,
				D1E19A07289E9CFB00CF27D3 /* Date.swift */,
				D1A6A5DE28BA5F3A00CBE80A /* Palettes.swift */,
			);
			path = Common;
			sourceTree = "<group>";
		};
		D1E19A0B289E9E3300CF27D3 /* Create */ = {
			isa = PBXGroup;
			children = (
				D11A80E828C8ECDD004C1AC4 /* CreateStepperGuideView.swift */,
				D132336828E19C26002C26A2 /* Model */,
				D18AE4DB28D2B66300B5C3E2 /* OtherViews */,
				D18AE4DA28D2B62B00B5C3E2 /* PhaseViews */,
			);
			path = Create;
			sourceTree = "<group>";
		};
		D1E61F6928AF1D2400ED98A0 /* Core */ = {
			isa = PBXGroup;
			children = (
				D120BD5428CF463A009297E8 /* VMKit */,
			);
			path = Core;
			sourceTree = "<group>";
		};
		F2705280286C93870008DCD1 /* Main */ = {
			isa = PBXGroup;
			children = (
				F2C5DCBC2866F7F700B2F41F /* AppDelegate.swift */,
				F2C5DCA12866F7C800B2F41F /* MainApp.swift */,
				D1A6A5EA28BA7B9B00CBE80A /* Sidebar.swift */,
				F2C5DCA32866F7C800B2F41F /* ContentView.swift */,
				D1A6A5E928BA7B3B00CBE80A /* Temp */,
			);
			path = Main;
			sourceTree = "<group>";
		};
		F270528A287141730008DCD1 /* Logic */ = {
			isa = PBXGroup;
			children = (
				F270528C287142A00008DCD1 /* Linux */,
				F2C5DCB02866F7DC00B2F41F /* MacOS */,
			);
			path = Logic;
			sourceTree = "<group>";
		};
		F270528C287142A00008DCD1 /* Linux */ = {
			isa = PBXGroup;
			children = (
				F27052972871D1A20008DCD1 /* LinuxPath.swift */,
				F27052992871D2560008DCD1 /* LinuxVMViewController.swift */,
				F270529D2873C2550008DCD1 /* LinuxVMView.swift */,
				F270529F2873C31E0008DCD1 /* LinuxVMContainerView.swift */,
			);
			path = Linux;
			sourceTree = "<group>";
		};
		F270528D287142D40008DCD1 /* Installation */ = {
			isa = PBXGroup;
			children = (
				F270528E287142E10008DCD1 /* MacOSRestoreImage.swift */,
				F270528F287142E10008DCD1 /* MacOSVirtualMachineInstaller.swift */,
				F2705292287143050008DCD1 /* MacOSInstall.swift */,
			);
			path = Installation;
			sourceTree = "<group>";
		};
		F2705294287147310008DCD1 /* View */ = {
			isa = PBXGroup;
			children = (
				F2C5DCB12866F7DC00B2F41F /* MacOSVMView.swift */,
				F2C5DCB62866F7DC00B2F41F /* MacOSVMViewController.swift */,
				F2C5DCC02868680000B2F41F /* MacOSVMContainerView.swift */,
			);
			path = View;
			sourceTree = "<group>";
		};
		F2C5DC952866F7C800B2F41F = {
			isa = PBXGroup;
			children = (
				F2C5DCA02866F7C800B2F41F /* EasyVM */,
				F2C5DC9F2866F7C800B2F41F /* Products */,
			);
			sourceTree = "<group>";
		};
		F2C5DC9F2866F7C800B2F41F /* Products */ = {
			isa = PBXGroup;
			children = (
				F2C5DC9E2866F7C800B2F41F /* EasyVM.app */,
			);
			name = Products;
			sourceTree = "<group>";
		};
		F2C5DCA02866F7C800B2F41F /* EasyVM */ = {
			isa = PBXGroup;
			children = (
				D19EC93428CEEA09004564B7 /* Config */,
				D1E61F6928AF1D2400ED98A0 /* Core */,
				D1E19A0B289E9E3300CF27D3 /* Create */,
				D1E19A06289E9CE400CF27D3 /* Common */,
				D1E19A03289E999A00CF27D3 /* Model */,
				F270528A287141730008DCD1 /* Logic */,
				D1A6A5E028BA7A9200CBE80A /* Detail */,
				F2705280286C93870008DCD1 /* Main */,
				F2C5DCA52866F7C900B2F41F /* Assets.xcassets */,
				F2C5DCAA2866F7C900B2F41F /* EasyVM.entitlements */,
				F2C5DCA72866F7C900B2F41F /* Preview Content */,
			);
			path = EasyVM;
			sourceTree = "<group>";
		};
		F2C5DCA72866F7C900B2F41F /* Preview Content */ = {
			isa = PBXGroup;
			children = (
				F2C5DCA82866F7C900B2F41F /* Preview Assets.xcassets */,
			);
			path = "Preview Content";
			sourceTree = "<group>";
		};
		F2C5DCB02866F7DC00B2F41F /* MacOS */ = {
			isa = PBXGroup;
			children = (
				F270528D287142D40008DCD1 /* Installation */,
				F2C5DCB22866F7DC00B2F41F /* Common */,
				F2705294287147310008DCD1 /* View */,
			);
			path = MacOS;
			sourceTree = "<group>";
		};
		F2C5DCB22866F7DC00B2F41F /* Common */ = {
			isa = PBXGroup;
			children = (
				F2C5DCB32866F7DC00B2F41F /* MacOSPath.swift */,
				F2C5DCB42866F7DC00B2F41F /* MacOSVirtualMachineDelegate.swift */,
				F2C5DCB52866F7DC00B2F41F /* MacOSVirtualMachineConfigurationHelper.swift */,
			);
			path = Common;
			sourceTree = "<group>";
		};
/* End PBXGroup section */

/* Begin PBXNativeTarget section */
		F2C5DC9D2866F7C800B2F41F /* EasyVM */ = {
			isa = PBXNativeTarget;
			buildConfigurationList = F2C5DCAD2866F7C900B2F41F /* Build configuration list for PBXNativeTarget "EasyVM" */;
			buildPhases = (
				F2C5DC9A2866F7C800B2F41F /* Sources */,
				F2C5DC9B2866F7C800B2F41F /* Frameworks */,
				F2C5DC9C2866F7C800B2F41F /* Resources */,
			);
			buildRules = (
			);
			dependencies = (
			);
			name = EasyVM;
			productName = EasyVM;
			productReference = F2C5DC9E2866F7C800B2F41F /* EasyVM.app */;
			productType = "com.apple.product-type.application";
		};
/* End PBXNativeTarget section */

/* Begin PBXProject section */
		F2C5DC962866F7C800B2F41F /* Project object */ = {
			isa = PBXProject;
			attributes = {
				BuildIndependentTargetsInParallel = 1;
				LastSwiftUpdateCheck = 1400;
				LastUpgradeCheck = 1400;
				TargetAttributes = {
					F2C5DC9D2866F7C800B2F41F = {
						CreatedOnToolsVersion = 14.0;
					};
				};
			};
			buildConfigurationList = F2C5DC992866F7C800B2F41F /* Build configuration list for PBXProject "EasyVM" */;
			compatibilityVersion = "Xcode 14.0";
			developmentRegion = en;
			hasScannedForEncodings = 0;
			knownRegions = (
				en,
				Base,
			);
			mainGroup = F2C5DC952866F7C800B2F41F;
			productRefGroup = F2C5DC9F2866F7C800B2F41F /* Products */;
			projectDirPath = "";
			projectRoot = "";
			targets = (
				F2C5DC9D2866F7C800B2F41F /* EasyVM */,
			);
		};
/* End PBXProject section */

/* Begin PBXResourcesBuildPhase section */
		F2C5DC9C2866F7C800B2F41F /* Resources */ = {
			isa = PBXResourcesBuildPhase;
			buildActionMask = 2147483647;
			files = (
				F2C5DCA92866F7C900B2F41F /* Preview Assets.xcassets in Resources */,
				F2C5DCA62866F7C900B2F41F /* Assets.xcassets in Resources */,
			);
			runOnlyForDeploymentPostprocessing = 0;
		};
/* End PBXResourcesBuildPhase section */

/* Begin PBXSourcesBuildPhase section */
		F2C5DC9A2866F7C800B2F41F /* Sources */ = {
			isa = PBXSourcesBuildPhase;
			buildActionMask = 2147483647;
			files = (
				D1E61F6828ADD5D000ED98A0 /* AppConfigModel.swift in Sources */,
				D1196EA528E5E2D600CCC04D /* VMConfigurationMemoryView.swift in Sources */,
				D1A6A5E228BA7AD500CBE80A /* DocumentsDetailHomeView.swift in Sources */,
				D120BD5128CF25E4009297E8 /* MacKitUtil.swift in Sources */,
				F2C5DCBD2866F7F700B2F41F /* AppDelegate.swift in Sources */,
				F2C5DCB92866F7DC00B2F41F /* MacOSVirtualMachineDelegate.swift in Sources */,
				D18AE4DD28D2B67F00B5C3E2 /* SystemImageDownloadView.swift in Sources */,
				D132337028E27C6B002C26A2 /* VMOSType.swift in Sources */,
				F2C5DCA42866F7C800B2F41F /* ContentView.swift in Sources */,
				F2705293287143050008DCD1 /* MacOSInstall.swift in Sources */,
				D1E19A05289E99AD00CF27D3 /* VMModel.swift in Sources */,
				D19EC92F28CEE58C004564B7 /* CreatePhaseSystemImageView.swift in Sources */,
				D1A6A5E628BA7B0300CBE80A /* IssuesDetailHomeView.swift in Sources */,
				D132337328E282AF002C26A2 /* VMOSImageDownloadForMacOS.swift in Sources */,
				D1196EA328E5E2BE00CCC04D /* VMConfigurationCPUView.swift in Sources */,
				F2C5DCBA2866F7DC00B2F41F /* MacOSVirtualMachineConfigurationHelper.swift in Sources */,
				D1EF707228B6656500F2D279 /* VMModelFieldNetworkDevice.swift in Sources */,
				D1EF707428B6657400F2D279 /* VMModelFieldPointingDevice.swift in Sources */,
				F2705284286C93EE0008DCD1 /* MachinesDetailHomeView.swift in Sources */,
				F270529E2873C2550008DCD1 /* LinuxVMView.swift in Sources */,
				D1EF707828B6659A00F2D279 /* VMModelFieldAudioDevice.swift in Sources */,
				F2C5DCB72866F7DC00B2F41F /* MacOSVMView.swift in Sources */,
				D1196EBD28E6ECF000CCC04D /* VMConfigurationAudioDevicesEditView.swift in Sources */,
				F27052982871D1A20008DCD1 /* LinuxPath.swift in Sources */,
				D19EC93B28CEEB49004564B7 /* CreatePhaseCompleteView.swift in Sources */,
				D1A6A5DF28BA5F3A00CBE80A /* Palettes.swift in Sources */,
				D142CA2928C82DDA004F86E9 /* CreatePhaseSystemTypeView.swift in Sources */,
				D1A6A5E428BA7AEC00CBE80A /* CommunityDetailHomeView.swift in Sources */,
				D132337528E282BD002C26A2 /* VMOSImageDownloadForLinux.swift in Sources */,
				D19EC93328CEE9F6004564B7 /* CreatePhaseConfigurationView.swift in Sources */,
				D163F33828C4DA11005FCAB5 /* MachineDetailCardView.swift in Sources */,
				D18E522F28B3D18B00508D8A /* VMModelFieldCPU.swift in Sources */,
				F2C5DCC12868680000B2F41F /* MacOSVMContainerView.swift in Sources */,
				D1196EC028E7D65000CCC04D /* VMOSCreator.swift in Sources */,
				D1A6A5EB28BA7B9B00CBE80A /* Sidebar.swift in Sources */,
				D19EC93128CEE6D8004564B7 /* CreatePhaseSaveDirectoryView.swift in Sources */,
				D1196EAC28E5EC4200CCC04D /* VMConfigurationGraphicDevicesEditView.swift in Sources */,
				D120BD5328CF2B8B009297E8 /* CreatePhaseNameConfigView.swift in Sources */,
				F2705282286C93AE0008DCD1 /* HeaderView.swift in Sources */,
				F2C5DCBB2866F7DC00B2F41F /* MacOSVMViewController.swift in Sources */,
				D1196EB528E68F8600CCC04D /* VMConfigurationNetworkDevicesEditView.swift in Sources */,
				D1EF707028B6654500F2D279 /* VMModelFieldStorageDevice.swift in Sources */,
				D1196EC228E7D8D500CCC04D /* VMOSCreatorForMacOS.swift in Sources */,
				D1196EB128E5FA1F00CCC04D /* VMConfigurationStorageDevicesEditView.swift in Sources */,
				D1196EB928E6DB8D00CCC04D /* VMConfigurationPointingDevicesEditView.swift in Sources */,
				F2705290287142E10008DCD1 /* MacOSRestoreImage.swift in Sources */,
				D1196EA928E5E52300CCC04D /* VMConfigurationGraphicDevicesView.swift in Sources */,
				D1196EB328E68C9300CCC04D /* VMConfigurationNetworkDevicesView.swift in Sources */,
				D1A6A5E828BA7B2100CBE80A /* AboutDetailHomeView.swift in Sources */,
				F2C5DCB82866F7DC00B2F41F /* MacOSPath.swift in Sources */,
				D1EF706C28B65EEE00F2D279 /* VMModelFieldMemory.swift in Sources */,
				D1E19A08289E9CFB00CF27D3 /* Date.swift in Sources */,
				D1E19A0A289E9DAD00CF27D3 /* Array.swift in Sources */,
				D1196EA128E5E2A300CCC04D /* VMConfigurationViewStateObject.swift in Sources */,
				F270529B2871D2560008DCD1 /* LinuxVMViewController.swift in Sources */,
				D132337728E28453002C26A2 /* VMOSResultVoid.swift in Sources */,
				D18AE4D928D2B0F600B5C3E2 /* CreateFormStateObject.swift in Sources */,
				F27052A02873C31E0008DCD1 /* LinuxVMContainerView.swift in Sources */,
				F2C5DCA22866F7C800B2F41F /* MainApp.swift in Sources */,
				D1196EBB28E6EA4500CCC04D /* VMConfigurationAudioDevicesView.swift in Sources */,
				D1EF706E28B6639600F2D279 /* VMModelFieldGraphicDevice.swift in Sources */,
				D19EC93928CEEAEB004564B7 /* CreatePhaseCreatingView.swift in Sources */,
				D11A80E928C8ECDD004C1AC4 /* CreateStepperGuideView.swift in Sources */,
				F2705291287142E10008DCD1 /* MacOSVirtualMachineInstaller.swift in Sources */,
				D1196EC428E868BC00CCC04D /* VMOSHelper.swift in Sources */,
				D132336D28E27C2E002C26A2 /* VMOSImageDownloader.swift in Sources */,
				D19EC93728CEEA44004564B7 /* VMConfigurationView.swift in Sources */,
				D1196EB728E6D67400CCC04D /* VMConfigurationPointingDevicesView.swift in Sources */,
				D1196EAE28E5F52100CCC04D /* VMConfigurationStorageDevicesView.swift in Sources */,
			);
			runOnlyForDeploymentPostprocessing = 0;
		};
/* End PBXSourcesBuildPhase section */

/* Begin XCBuildConfiguration section */
		F2C5DCAB2866F7C900B2F41F /* Debug */ = {
			isa = XCBuildConfiguration;
			buildSettings = {
				ALWAYS_SEARCH_USER_PATHS = NO;
				CLANG_ANALYZER_NONNULL = YES;
				CLANG_ANALYZER_NUMBER_OBJECT_CONVERSION = YES_AGGRESSIVE;
				CLANG_CXX_LANGUAGE_STANDARD = "gnu++17";
				CLANG_ENABLE_MODULES = YES;
				CLANG_ENABLE_OBJC_ARC = YES;
				CLANG_ENABLE_OBJC_WEAK = YES;
				CLANG_WARN_BLOCK_CAPTURE_AUTORELEASING = YES;
				CLANG_WARN_BOOL_CONVERSION = YES;
				CLANG_WARN_COMMA = YES;
				CLANG_WARN_CONSTANT_CONVERSION = YES;
				CLANG_WARN_DEPRECATED_OBJC_IMPLEMENTATIONS = YES;
				CLANG_WARN_DIRECT_OBJC_ISA_USAGE = YES_ERROR;
				CLANG_WARN_DOCUMENTATION_COMMENTS = YES;
				CLANG_WARN_EMPTY_BODY = YES;
				CLANG_WARN_ENUM_CONVERSION = YES;
				CLANG_WARN_INFINITE_RECURSION = YES;
				CLANG_WARN_INT_CONVERSION = YES;
				CLANG_WARN_NON_LITERAL_NULL_CONVERSION = YES;
				CLANG_WARN_OBJC_IMPLICIT_RETAIN_SELF = YES;
				CLANG_WARN_OBJC_LITERAL_CONVERSION = YES;
				CLANG_WARN_OBJC_ROOT_CLASS = YES_ERROR;
				CLANG_WARN_QUOTED_INCLUDE_IN_FRAMEWORK_HEADER = YES;
				CLANG_WARN_RANGE_LOOP_ANALYSIS = YES;
				CLANG_WARN_STRICT_PROTOTYPES = YES;
				CLANG_WARN_SUSPICIOUS_MOVE = YES;
				CLANG_WARN_UNGUARDED_AVAILABILITY = YES_AGGRESSIVE;
				CLANG_WARN_UNREACHABLE_CODE = YES;
				CLANG_WARN__DUPLICATE_METHOD_MATCH = YES;
				COPY_PHASE_STRIP = NO;
				DEBUG_INFORMATION_FORMAT = dwarf;
				ENABLE_STRICT_OBJC_MSGSEND = YES;
				ENABLE_TESTABILITY = YES;
				GCC_C_LANGUAGE_STANDARD = gnu11;
				GCC_DYNAMIC_NO_PIC = NO;
				GCC_NO_COMMON_BLOCKS = YES;
				GCC_OPTIMIZATION_LEVEL = 0;
				GCC_PREPROCESSOR_DEFINITIONS = (
					"DEBUG=1",
					"$(inherited)",
				);
				GCC_WARN_64_TO_32_BIT_CONVERSION = YES;
				GCC_WARN_ABOUT_RETURN_TYPE = YES_ERROR;
				GCC_WARN_UNDECLARED_SELECTOR = YES;
				GCC_WARN_UNINITIALIZED_AUTOS = YES_AGGRESSIVE;
				GCC_WARN_UNUSED_FUNCTION = YES;
				GCC_WARN_UNUSED_VARIABLE = YES;
				MACOSX_DEPLOYMENT_TARGET = 13.0;
				MTL_ENABLE_DEBUG_INFO = INCLUDE_SOURCE;
				MTL_FAST_MATH = YES;
				ONLY_ACTIVE_ARCH = YES;
				SDKROOT = macosx;
				SWIFT_ACTIVE_COMPILATION_CONDITIONS = DEBUG;
				SWIFT_OPTIMIZATION_LEVEL = "-Onone";
			};
			name = Debug;
		};
		F2C5DCAC2866F7C900B2F41F /* Release */ = {
			isa = XCBuildConfiguration;
			buildSettings = {
				ALWAYS_SEARCH_USER_PATHS = NO;
				CLANG_ANALYZER_NONNULL = YES;
				CLANG_ANALYZER_NUMBER_OBJECT_CONVERSION = YES_AGGRESSIVE;
				CLANG_CXX_LANGUAGE_STANDARD = "gnu++17";
				CLANG_ENABLE_MODULES = YES;
				CLANG_ENABLE_OBJC_ARC = YES;
				CLANG_ENABLE_OBJC_WEAK = YES;
				CLANG_WARN_BLOCK_CAPTURE_AUTORELEASING = YES;
				CLANG_WARN_BOOL_CONVERSION = YES;
				CLANG_WARN_COMMA = YES;
				CLANG_WARN_CONSTANT_CONVERSION = YES;
				CLANG_WARN_DEPRECATED_OBJC_IMPLEMENTATIONS = YES;
				CLANG_WARN_DIRECT_OBJC_ISA_USAGE = YES_ERROR;
				CLANG_WARN_DOCUMENTATION_COMMENTS = YES;
				CLANG_WARN_EMPTY_BODY = YES;
				CLANG_WARN_ENUM_CONVERSION = YES;
				CLANG_WARN_INFINITE_RECURSION = YES;
				CLANG_WARN_INT_CONVERSION = YES;
				CLANG_WARN_NON_LITERAL_NULL_CONVERSION = YES;
				CLANG_WARN_OBJC_IMPLICIT_RETAIN_SELF = YES;
				CLANG_WARN_OBJC_LITERAL_CONVERSION = YES;
				CLANG_WARN_OBJC_ROOT_CLASS = YES_ERROR;
				CLANG_WARN_QUOTED_INCLUDE_IN_FRAMEWORK_HEADER = YES;
				CLANG_WARN_RANGE_LOOP_ANALYSIS = YES;
				CLANG_WARN_STRICT_PROTOTYPES = YES;
				CLANG_WARN_SUSPICIOUS_MOVE = YES;
				CLANG_WARN_UNGUARDED_AVAILABILITY = YES_AGGRESSIVE;
				CLANG_WARN_UNREACHABLE_CODE = YES;
				CLANG_WARN__DUPLICATE_METHOD_MATCH = YES;
				COPY_PHASE_STRIP = NO;
				DEBUG_INFORMATION_FORMAT = "dwarf-with-dsym";
				ENABLE_NS_ASSERTIONS = NO;
				ENABLE_STRICT_OBJC_MSGSEND = YES;
				GCC_C_LANGUAGE_STANDARD = gnu11;
				GCC_NO_COMMON_BLOCKS = YES;
				GCC_WARN_64_TO_32_BIT_CONVERSION = YES;
				GCC_WARN_ABOUT_RETURN_TYPE = YES_ERROR;
				GCC_WARN_UNDECLARED_SELECTOR = YES;
				GCC_WARN_UNINITIALIZED_AUTOS = YES_AGGRESSIVE;
				GCC_WARN_UNUSED_FUNCTION = YES;
				GCC_WARN_UNUSED_VARIABLE = YES;
				MACOSX_DEPLOYMENT_TARGET = 13.0;
				MTL_ENABLE_DEBUG_INFO = NO;
				MTL_FAST_MATH = YES;
				SDKROOT = macosx;
				SWIFT_COMPILATION_MODE = wholemodule;
				SWIFT_OPTIMIZATION_LEVEL = "-O";
			};
			name = Release;
		};
		F2C5DCAE2866F7C900B2F41F /* Debug */ = {
			isa = XCBuildConfiguration;
			buildSettings = {
				ASSETCATALOG_COMPILER_APPICON_NAME = AppIcon;
				ASSETCATALOG_COMPILER_GLOBAL_ACCENT_COLOR_NAME = AccentColor;
				CODE_SIGN_ENTITLEMENTS = EasyVM/EasyVM.entitlements;
				CODE_SIGN_STYLE = Automatic;
				COMBINE_HIDPI_IMAGES = YES;
				CURRENT_PROJECT_VERSION = 1;
				DEVELOPMENT_ASSET_PATHS = "\"EasyVM/Preview Content\"";
				DEVELOPMENT_TEAM = YPV49M8592;
				ENABLE_HARDENED_RUNTIME = YES;
				ENABLE_PREVIEWS = YES;
				GENERATE_INFOPLIST_FILE = YES;
				INFOPLIST_KEY_NSHumanReadableCopyright = "";
				LD_RUNPATH_SEARCH_PATHS = (
					"$(inherited)",
					"@executable_path/../Frameworks",
				);
				MARKETING_VERSION = 1.0;
				PRODUCT_BUNDLE_IDENTIFIER = com.everettjf.easyvm;
				PRODUCT_NAME = "$(TARGET_NAME)";
				SWIFT_EMIT_LOC_STRINGS = YES;
				SWIFT_VERSION = 5.0;
			};
			name = Debug;
		};
		F2C5DCAF2866F7C900B2F41F /* Release */ = {
			isa = XCBuildConfiguration;
			buildSettings = {
				ASSETCATALOG_COMPILER_APPICON_NAME = AppIcon;
				ASSETCATALOG_COMPILER_GLOBAL_ACCENT_COLOR_NAME = AccentColor;
				CODE_SIGN_ENTITLEMENTS = EasyVM/EasyVM.entitlements;
				CODE_SIGN_STYLE = Automatic;
				COMBINE_HIDPI_IMAGES = YES;
				CURRENT_PROJECT_VERSION = 1;
				DEVELOPMENT_ASSET_PATHS = "\"EasyVM/Preview Content\"";
				DEVELOPMENT_TEAM = YPV49M8592;
				ENABLE_HARDENED_RUNTIME = YES;
				ENABLE_PREVIEWS = YES;
				GENERATE_INFOPLIST_FILE = YES;
				INFOPLIST_KEY_NSHumanReadableCopyright = "";
				LD_RUNPATH_SEARCH_PATHS = (
					"$(inherited)",
					"@executable_path/../Frameworks",
				);
				MARKETING_VERSION = 1.0;
				PRODUCT_BUNDLE_IDENTIFIER = com.everettjf.easyvm;
				PRODUCT_NAME = "$(TARGET_NAME)";
				SWIFT_EMIT_LOC_STRINGS = YES;
				SWIFT_VERSION = 5.0;
			};
			name = Release;
		};
/* End XCBuildConfiguration section */

/* Begin XCConfigurationList section */
		F2C5DC992866F7C800B2F41F /* Build configuration list for PBXProject "EasyVM" */ = {
			isa = XCConfigurationList;
			buildConfigurations = (
				F2C5DCAB2866F7C900B2F41F /* Debug */,
				F2C5DCAC2866F7C900B2F41F /* Release */,
			);
			defaultConfigurationIsVisible = 0;
			defaultConfigurationName = Release;
		};
		F2C5DCAD2866F7C900B2F41F /* Build configuration list for PBXNativeTarget "EasyVM" */ = {
			isa = XCConfigurationList;
			buildConfigurations = (
				F2C5DCAE2866F7C900B2F41F /* Debug */,
				F2C5DCAF2866F7C900B2F41F /* Release */,
			);
			defaultConfigurationIsVisible = 0;
			defaultConfigurationName = Release;
		};
/* End XCConfigurationList section */
	};
	rootObject = F2C5DC962866F7C800B2F41F /* Project object */;
}
